// !$*UTF8*$!
{
	archiveVersion = 1;
	classes = {
	};
	objectVersion = 50;
	objects = {

/* Begin PBXBuildFile section */
		7038C78024AC75D400F6E16C /* BaiTap03.swift in Sources */ = {isa = PBXBuildFile; fileRef = 7038C77E24AC75D400F6E16C /* BaiTap03.swift */; };
		7038C78124AC75D400F6E16C /* BaiTap03.xib in Resources */ = {isa = PBXBuildFile; fileRef = 7038C77F24AC75D400F6E16C /* BaiTap03.xib */; };
		7041F47924AD743800A1A06B /* BaiTap04.swift in Sources */ = {isa = PBXBuildFile; fileRef = 7041F47724AD743800A1A06B /* BaiTap04.swift */; };
		7041F47A24AD743800A1A06B /* BaiTap04.xib in Resources */ = {isa = PBXBuildFile; fileRef = 7041F47824AD743800A1A06B /* BaiTap04.xib */; };
		7041F47F24AD7FDF00A1A06B /* BaiTap05.swift in Sources */ = {isa = PBXBuildFile; fileRef = 7041F47D24AD7FDF00A1A06B /* BaiTap05.swift */; };
		7041F48024AD7FDF00A1A06B /* BaiTap05.xib in Resources */ = {isa = PBXBuildFile; fileRef = 7041F47E24AD7FDF00A1A06B /* BaiTap05.xib */; };
		7041F48324ADDA4500A1A06B /* BaiTap06.swift in Sources */ = {isa = PBXBuildFile; fileRef = 7041F48124ADDA4500A1A06B /* BaiTap06.swift */; };
		7041F48424ADDA4500A1A06B /* BaiTap06.xib in Resources */ = {isa = PBXBuildFile; fileRef = 7041F48224ADDA4500A1A06B /* BaiTap06.xib */; };
		7042D46424AF3D0C0010B630 /* BaiTap07.swift in Sources */ = {isa = PBXBuildFile; fileRef = 7042D46224AF3D0C0010B630 /* BaiTap07.swift */; };
		7042D46524AF3D0C0010B630 /* BaiTap07.xib in Resources */ = {isa = PBXBuildFile; fileRef = 7042D46324AF3D0C0010B630 /* BaiTap07.xib */; };
		7045656724AB2E310058AD43 /* AppDelegate.swift in Sources */ = {isa = PBXBuildFile; fileRef = 7045656624AB2E310058AD43 /* AppDelegate.swift */; };
		7045656924AB2E310058AD43 /* SceneDelegate.swift in Sources */ = {isa = PBXBuildFile; fileRef = 7045656824AB2E310058AD43 /* SceneDelegate.swift */; };
		7045657024AB2E330058AD43 /* Assets.xcassets in Resources */ = {isa = PBXBuildFile; fileRef = 7045656F24AB2E330058AD43 /* Assets.xcassets */; };
		7045657324AB2E330058AD43 /* LaunchScreen.storyboard in Resources */ = {isa = PBXBuildFile; fileRef = 7045657124AB2E330058AD43 /* LaunchScreen.storyboard */; };
		7045657C24AB2E810058AD43 /* BaiTap01.swift in Sources */ = {isa = PBXBuildFile; fileRef = 7045657A24AB2E810058AD43 /* BaiTap01.swift */; };
		7045657D24AB2E810058AD43 /* BaiTap01.xib in Resources */ = {isa = PBXBuildFile; fileRef = 7045657B24AB2E810058AD43 /* BaiTap01.xib */; };
		7045658024AB2F380058AD43 /* BaiTap02.swift in Sources */ = {isa = PBXBuildFile; fileRef = 7045657E24AB2F380058AD43 /* BaiTap02.swift */; };
		7045658124AB2F380058AD43 /* BaiTap02.xib in Resources */ = {isa = PBXBuildFile; fileRef = 7045657F24AB2F380058AD43 /* BaiTap02.xib */; };
/* End PBXBuildFile section */

/* Begin PBXFileReference section */
		7038C77E24AC75D400F6E16C /* BaiTap03.swift */ = {isa = PBXFileReference; lastKnownFileType = sourcecode.swift; path = BaiTap03.swift; sourceTree = "<group>"; };
		7038C77F24AC75D400F6E16C /* BaiTap03.xib */ = {isa = PBXFileReference; lastKnownFileType = file.xib; path = BaiTap03.xib; sourceTree = "<group>"; };
		7041F47724AD743800A1A06B /* BaiTap04.swift */ = {isa = PBXFileReference; lastKnownFileType = sourcecode.swift; path = BaiTap04.swift; sourceTree = "<group>"; };
		7041F47824AD743800A1A06B /* BaiTap04.xib */ = {isa = PBXFileReference; lastKnownFileType = file.xib; path = BaiTap04.xib; sourceTree = "<group>"; };
		7041F47D24AD7FDF00A1A06B /* BaiTap05.swift */ = {isa = PBXFileReference; lastKnownFileType = sourcecode.swift; path = BaiTap05.swift; sourceTree = "<group>"; };
		7041F47E24AD7FDF00A1A06B /* BaiTap05.xib */ = {isa = PBXFileReference; lastKnownFileType = file.xib; path = BaiTap05.xib; sourceTree = "<group>"; };
		7041F48124ADDA4500A1A06B /* BaiTap06.swift */ = {isa = PBXFileReference; lastKnownFileType = sourcecode.swift; path = BaiTap06.swift; sourceTree = "<group>"; };
		7041F48224ADDA4500A1A06B /* BaiTap06.xib */ = {isa = PBXFileReference; lastKnownFileType = file.xib; path = BaiTap06.xib; sourceTree = "<group>"; };
		7042D46224AF3D0C0010B630 /* BaiTap07.swift */ = {isa = PBXFileReference; lastKnownFileType = sourcecode.swift; path = BaiTap07.swift; sourceTree = "<group>"; };
		7042D46324AF3D0C0010B630 /* BaiTap07.xib */ = {isa = PBXFileReference; lastKnownFileType = file.xib; path = BaiTap07.xib; sourceTree = "<group>"; };
		7045656324AB2E310058AD43 /* BaiTapView.app */ = {isa = PBXFileReference; explicitFileType = wrapper.application; includeInIndex = 0; path = BaiTapView.app; sourceTree = BUILT_PRODUCTS_DIR; };
		7045656624AB2E310058AD43 /* AppDelegate.swift */ = {isa = PBXFileReference; lastKnownFileType = sourcecode.swift; path = AppDelegate.swift; sourceTree = "<group>"; };
		7045656824AB2E310058AD43 /* SceneDelegate.swift */ = {isa = PBXFileReference; lastKnownFileType = sourcecode.swift; path = SceneDelegate.swift; sourceTree = "<group>"; };
		7045656F24AB2E330058AD43 /* Assets.xcassets */ = {isa = PBXFileReference; lastKnownFileType = folder.assetcatalog; path = Assets.xcassets; sourceTree = "<group>"; };
		7045657224AB2E330058AD43 /* Base */ = {isa = PBXFileReference; lastKnownFileType = file.storyboard; name = Base; path = Base.lproj/LaunchScreen.storyboard; sourceTree = "<group>"; };
		7045657424AB2E330058AD43 /* Info.plist */ = {isa = PBXFileReference; lastKnownFileType = text.plist.xml; path = Info.plist; sourceTree = "<group>"; };
		7045657A24AB2E810058AD43 /* BaiTap01.swift */ = {isa = PBXFileReference; lastKnownFileType = sourcecode.swift; path = BaiTap01.swift; sourceTree = "<group>"; };
		7045657B24AB2E810058AD43 /* BaiTap01.xib */ = {isa = PBXFileReference; lastKnownFileType = file.xib; path = BaiTap01.xib; sourceTree = "<group>"; };
		7045657E24AB2F380058AD43 /* BaiTap02.swift */ = {isa = PBXFileReference; lastKnownFileType = sourcecode.swift; path = BaiTap02.swift; sourceTree = "<group>"; };
		7045657F24AB2F380058AD43 /* BaiTap02.xib */ = {isa = PBXFileReference; lastKnownFileType = file.xib; path = BaiTap02.xib; sourceTree = "<group>"; };
/* End PBXFileReference section */

/* Begin PBXFrameworksBuildPhase section */
		7045656024AB2E310058AD43 /* Frameworks */ = {
			isa = PBXFrameworksBuildPhase;
			buildActionMask = 2147483647;
			files = (
			);
			runOnlyForDeploymentPostprocessing = 0;
		};
/* End PBXFrameworksBuildPhase section */

/* Begin PBXGroup section */
		7042D45B24AF3C190010B630 /* BaiTap01 */ = {
			isa = PBXGroup;
			children = (
				7045657A24AB2E810058AD43 /* BaiTap01.swift */,
				7045657B24AB2E810058AD43 /* BaiTap01.xib */,
			);
			path = BaiTap01;
			sourceTree = "<group>";
		};
		7042D45C24AF3C360010B630 /* BaiTap02 */ = {
			isa = PBXGroup;
			children = (
				7045657E24AB2F380058AD43 /* BaiTap02.swift */,
				7045657F24AB2F380058AD43 /* BaiTap02.xib */,
			);
			path = BaiTap02;
			sourceTree = "<group>";
		};
		7042D45D24AF3C450010B630 /* BaiTap03 */ = {
			isa = PBXGroup;
			children = (
				7038C77E24AC75D400F6E16C /* BaiTap03.swift */,
				7038C77F24AC75D400F6E16C /* BaiTap03.xib */,
			);
			path = BaiTap03;
			sourceTree = "<group>";
		};
		7042D45E24AF3C590010B630 /* BaiTap04 */ = {
			isa = PBXGroup;
			children = (
				7041F47724AD743800A1A06B /* BaiTap04.swift */,
				7041F47824AD743800A1A06B /* BaiTap04.xib */,
			);
			path = BaiTap04;
			sourceTree = "<group>";
		};
		7042D45F24AF3C690010B630 /* BaiTap05 */ = {
			isa = PBXGroup;
			children = (
				7041F47D24AD7FDF00A1A06B /* BaiTap05.swift */,
				7041F47E24AD7FDF00A1A06B /* BaiTap05.xib */,
			);
			path = BaiTap05;
			sourceTree = "<group>";
		};
		7042D46024AF3C730010B630 /* BaiTap06 */ = {
			isa = PBXGroup;
			children = (
				7041F48124ADDA4500A1A06B /* BaiTap06.swift */,
				7041F48224ADDA4500A1A06B /* BaiTap06.xib */,
			);
			path = BaiTap06;
			sourceTree = "<group>";
		};
		7042D46124AF3C940010B630 /* BaiTap07 */ = {
			isa = PBXGroup;
			children = (
				7042D46224AF3D0C0010B630 /* BaiTap07.swift */,
				7042D46324AF3D0C0010B630 /* BaiTap07.xib */,
			);
			path = BaiTap07;
			sourceTree = "<group>";
		};
		7045655A24AB2E310058AD43 = {
			isa = PBXGroup;
			children = (
				7045656524AB2E310058AD43 /* BaiTapView */,
				7045656424AB2E310058AD43 /* Products */,
			);
			sourceTree = "<group>";
		};
		7045656424AB2E310058AD43 /* Products */ = {
			isa = PBXGroup;
			children = (
				7045656324AB2E310058AD43 /* BaiTapView.app */,
			);
			name = Products;
			sourceTree = "<group>";
		};
		7045656524AB2E310058AD43 /* BaiTapView */ = {
			isa = PBXGroup;
			children = (
				7042D46124AF3C940010B630 /* BaiTap07 */,
				7042D46024AF3C730010B630 /* BaiTap06 */,
				7042D45F24AF3C690010B630 /* BaiTap05 */,
				7042D45E24AF3C590010B630 /* BaiTap04 */,
				7042D45D24AF3C450010B630 /* BaiTap03 */,
				7042D45C24AF3C360010B630 /* BaiTap02 */,
				7045656624AB2E310058AD43 /* AppDelegate.swift */,
				7045656824AB2E310058AD43 /* SceneDelegate.swift */,
				7045656F24AB2E330058AD43 /* Assets.xcassets */,
				7045657124AB2E330058AD43 /* LaunchScreen.storyboard */,
				7045657424AB2E330058AD43 /* Info.plist */,
				7042D45B24AF3C190010B630 /* BaiTap01 */,
			);
			path = BaiTapView;
			sourceTree = "<group>";
		};
/* End PBXGroup section */

/* Begin PBXNativeTarget section */
		7045656224AB2E310058AD43 /* BaiTapView */ = {
			isa = PBXNativeTarget;
			buildConfigurationList = 7045657724AB2E330058AD43 /* Build configuration list for PBXNativeTarget "BaiTapView" */;
			buildPhases = (
				7045655F24AB2E310058AD43 /* Sources */,
				7045656024AB2E310058AD43 /* Frameworks */,
				7045656124AB2E310058AD43 /* Resources */,
			);
			buildRules = (
			);
			dependencies = (
			);
			name = BaiTapView;
			productName = BaiTapView;
			productReference = 7045656324AB2E310058AD43 /* BaiTapView.app */;
			productType = "com.apple.product-type.application";
		};
/* End PBXNativeTarget section */

/* Begin PBXProject section */
		7045655B24AB2E310058AD43 /* Project object */ = {
			isa = PBXProject;
			attributes = {
				LastSwiftUpdateCheck = 1150;
				LastUpgradeCheck = 1150;
				ORGANIZATIONNAME = PCI0004;
				TargetAttributes = {
					7045656224AB2E310058AD43 = {
						CreatedOnToolsVersion = 11.5;
					};
				};
			};
			buildConfigurationList = 7045655E24AB2E310058AD43 /* Build configuration list for PBXProject "BaiTapView" */;
			compatibilityVersion = "Xcode 9.3";
			developmentRegion = en;
			hasScannedForEncodings = 0;
			knownRegions = (
				en,
				Base,
			);
			mainGroup = 7045655A24AB2E310058AD43;
			productRefGroup = 7045656424AB2E310058AD43 /* Products */;
			projectDirPath = "";
			projectRoot = "";
			targets = (
				7045656224AB2E310058AD43 /* BaiTapView */,
			);
		};
/* End PBXProject section */

/* Begin PBXResourcesBuildPhase section */
		7045656124AB2E310058AD43 /* Resources */ = {
			isa = PBXResourcesBuildPhase;
			buildActionMask = 2147483647;
			files = (
				7042D46524AF3D0C0010B630 /* BaiTap07.xib in Resources */,
				7041F47A24AD743800A1A06B /* BaiTap04.xib in Resources */,
				7045658124AB2F380058AD43 /* BaiTap02.xib in Resources */,
				7045657D24AB2E810058AD43 /* BaiTap01.xib in Resources */,
				7045657324AB2E330058AD43 /* LaunchScreen.storyboard in Resources */,
				7041F48424ADDA4500A1A06B /* BaiTap06.xib in Resources */,
				7038C78124AC75D400F6E16C /* BaiTap03.xib in Resources */,
				7045657024AB2E330058AD43 /* Assets.xcassets in Resources */,
				7041F48024AD7FDF00A1A06B /* BaiTap05.xib in Resources */,
			);
			runOnlyForDeploymentPostprocessing = 0;
		};
/* End PBXResourcesBuildPhase section */

/* Begin PBXSourcesBuildPhase section */
		7045655F24AB2E310058AD43 /* Sources */ = {
			isa = PBXSourcesBuildPhase;
			buildActionMask = 2147483647;
			files = (
				7041F48324ADDA4500A1A06B /* BaiTap06.swift in Sources */,
				7042D46424AF3D0C0010B630 /* BaiTap07.swift in Sources */,
				7045658024AB2F380058AD43 /* BaiTap02.swift in Sources */,
				7041F47F24AD7FDF00A1A06B /* BaiTap05.swift in Sources */,
				7045656724AB2E310058AD43 /* AppDelegate.swift in Sources */,
				7045657C24AB2E810058AD43 /* BaiTap01.swift in Sources */,
				7045656924AB2E310058AD43 /* SceneDelegate.swift in Sources */,
				7041F47924AD743800A1A06B /* BaiTap04.swift in Sources */,
				7038C78024AC75D400F6E16C /* BaiTap03.swift in Sources */,
			);
			runOnlyForDeploymentPostprocessing = 0;
		};
/* End PBXSourcesBuildPhase section */

/* Begin PBXVariantGroup section */
		7045657124AB2E330058AD43 /* LaunchScreen.storyboard */ = {
			isa = PBXVariantGroup;
			children = (
				7045657224AB2E330058AD43 /* Base */,
			);
			name = LaunchScreen.storyboard;
			sourceTree = "<group>";
		};
/* End PBXVariantGroup section */

/* Begin XCBuildConfiguration section */
		7045657524AB2E330058AD43 /* Debug */ = {
			isa = XCBuildConfiguration;
			buildSettings = {
				ALWAYS_SEARCH_USER_PATHS = NO;
				CLANG_ANALYZER_NONNULL = YES;
				CLANG_ANALYZER_NUMBER_OBJECT_CONVERSION = YES_AGGRESSIVE;
				CLANG_CXX_LANGUAGE_STANDARD = "gnu++14";
				CLANG_CXX_LIBRARY = "libc++";
				CLANG_ENABLE_MODULES = YES;
				CLANG_ENABLE_OBJC_ARC = YES;
				CLANG_ENABLE_OBJC_WEAK = YES;
				CLANG_WARN_BLOCK_CAPTURE_AUTORELEASING = YES;
				CLANG_WARN_BOOL_CONVERSION = YES;
				CLANG_WARN_COMMA = YES;
				CLANG_WARN_CONSTANT_CONVERSION = YES;
				CLANG_WARN_DEPRECATED_OBJC_IMPLEMENTATIONS = YES;
				CLANG_WARN_DIRECT_OBJC_ISA_USAGE = YES_ERROR;
				CLANG_WARN_DOCUMENTATION_COMMENTS = YES;
				CLANG_WARN_EMPTY_BODY = YES;
				CLANG_WARN_ENUM_CONVERSION = YES;
				CLANG_WARN_INFINITE_RECURSION = YES;
				CLANG_WARN_INT_CONVERSION = YES;
				CLANG_WARN_NON_LITERAL_NULL_CONVERSION = YES;
				CLANG_WARN_OBJC_IMPLICIT_RETAIN_SELF = YES;
				CLANG_WARN_OBJC_LITERAL_CONVERSION = YES;
				CLANG_WARN_OBJC_ROOT_CLASS = YES_ERROR;
				CLANG_WARN_RANGE_LOOP_ANALYSIS = YES;
				CLANG_WARN_STRICT_PROTOTYPES = YES;
				CLANG_WARN_SUSPICIOUS_MOVE = YES;
				CLANG_WARN_UNGUARDED_AVAILABILITY = YES_AGGRESSIVE;
				CLANG_WARN_UNREACHABLE_CODE = YES;
				CLANG_WARN__DUPLICATE_METHOD_MATCH = YES;
				COPY_PHASE_STRIP = NO;
				DEBUG_INFORMATION_FORMAT = dwarf;
				ENABLE_STRICT_OBJC_MSGSEND = YES;
				ENABLE_TESTABILITY = YES;
				GCC_C_LANGUAGE_STANDARD = gnu11;
				GCC_DYNAMIC_NO_PIC = NO;
				GCC_NO_COMMON_BLOCKS = YES;
				GCC_OPTIMIZATION_LEVEL = 0;
				GCC_PREPROCESSOR_DEFINITIONS = (
					"DEBUG=1",
					"$(inherited)",
				);
				GCC_WARN_64_TO_32_BIT_CONVERSION = YES;
				GCC_WARN_ABOUT_RETURN_TYPE = YES_ERROR;
				GCC_WARN_UNDECLARED_SELECTOR = YES;
				GCC_WARN_UNINITIALIZED_AUTOS = YES_AGGRESSIVE;
				GCC_WARN_UNUSED_FUNCTION = YES;
				GCC_WARN_UNUSED_VARIABLE = YES;
				IPHONEOS_DEPLOYMENT_TARGET = 13.5;
				MTL_ENABLE_DEBUG_INFO = INCLUDE_SOURCE;
				MTL_FAST_MATH = YES;
				ONLY_ACTIVE_ARCH = YES;
				SDKROOT = iphoneos;
				SWIFT_ACTIVE_COMPILATION_CONDITIONS = DEBUG;
				SWIFT_OPTIMIZATION_LEVEL = "-Onone";
			};
			name = Debug;
		};
		7045657624AB2E330058AD43 /* Release */ = {
			isa = XCBuildConfiguration;
			buildSettings = {
				ALWAYS_SEARCH_USER_PATHS = NO;
				CLANG_ANALYZER_NONNULL = YES;
				CLANG_ANALYZER_NUMBER_OBJECT_CONVERSION = YES_AGGRESSIVE;
				CLANG_CXX_LANGUAGE_STANDARD = "gnu++14";
				CLANG_CXX_LIBRARY = "libc++";
				CLANG_ENABLE_MODULES = YES;
				CLANG_ENABLE_OBJC_ARC = YES;
				CLANG_ENABLE_OBJC_WEAK = YES;
				CLANG_WARN_BLOCK_CAPTURE_AUTORELEASING = YES;
				CLANG_WARN_BOOL_CONVERSION = YES;
				CLANG_WARN_COMMA = YES;
				CLANG_WARN_CONSTANT_CONVERSION = YES;
				CLANG_WARN_DEPRECATED_OBJC_IMPLEMENTATIONS = YES;
				CLANG_WARN_DIRECT_OBJC_ISA_USAGE = YES_ERROR;
				CLANG_WARN_DOCUMENTATION_COMMENTS = YES;
				CLANG_WARN_EMPTY_BODY = YES;
				CLANG_WARN_ENUM_CONVERSION = YES;
				CLANG_WARN_INFINITE_RECURSION = YES;
				CLANG_WARN_INT_CONVERSION = YES;
				CLANG_WARN_NON_LITERAL_NULL_CONVERSION = YES;
				CLANG_WARN_OBJC_IMPLICIT_RETAIN_SELF = YES;
				CLANG_WARN_OBJC_LITERAL_CONVERSION = YES;
				CLANG_WARN_OBJC_ROOT_CLASS = YES_ERROR;
				CLANG_WARN_RANGE_LOOP_ANALYSIS = YES;
				CLANG_WARN_STRICT_PROTOTYPES = YES;
				CLANG_WARN_SUSPICIOUS_MOVE = YES;
				CLANG_WARN_UNGUARDED_AVAILABILITY = YES_AGGRESSIVE;
				CLANG_WARN_UNREACHABLE_CODE = YES;
				CLANG_WARN__DUPLICATE_METHOD_MATCH = YES;
				COPY_PHASE_STRIP = NO;
				DEBUG_INFORMATION_FORMAT = "dwarf-with-dsym";
				ENABLE_NS_ASSERTIONS = NO;
				ENABLE_STRICT_OBJC_MSGSEND = YES;
				GCC_C_LANGUAGE_STANDARD = gnu11;
				GCC_NO_COMMON_BLOCKS = YES;
				GCC_WARN_64_TO_32_BIT_CONVERSION = YES;
				GCC_WARN_ABOUT_RETURN_TYPE = YES_ERROR;
				GCC_WARN_UNDECLARED_SELECTOR = YES;
				GCC_WARN_UNINITIALIZED_AUTOS = YES_AGGRESSIVE;
				GCC_WARN_UNUSED_FUNCTION = YES;
				GCC_WARN_UNUSED_VARIABLE = YES;
				IPHONEOS_DEPLOYMENT_TARGET = 13.5;
				MTL_ENABLE_DEBUG_INFO = NO;
				MTL_FAST_MATH = YES;
				SDKROOT = iphoneos;
				SWIFT_COMPILATION_MODE = wholemodule;
				SWIFT_OPTIMIZATION_LEVEL = "-O";
				VALIDATE_PRODUCT = YES;
			};
			name = Release;
		};
		7045657824AB2E330058AD43 /* Debug */ = {
			isa = XCBuildConfiguration;
			buildSettings = {
				ASSETCATALOG_COMPILER_APPICON_NAME = AppIcon;
				CODE_SIGN_IDENTITY = "Apple Development";
				CODE_SIGN_STYLE = Automatic;
				DEVELOPMENT_TEAM = 6YRYW5Q53W;
				INFOPLIST_FILE = BaiTapView/Info.plist;
				LD_RUNPATH_SEARCH_PATHS = (
					"$(inherited)",
					"@executable_path/Frameworks",
				);
				PRODUCT_BUNDLE_IDENTIFIER = trin.com.baitapview;
				PRODUCT_NAME = "$(TARGET_NAME)";
				PROVISIONING_PROFILE_SPECIFIER = "";
				SWIFT_VERSION = 5.0;
				TARGETED_DEVICE_FAMILY = "1,2";
			};
			name = Debug;
		};
		7045657924AB2E330058AD43 /* Release */ = {
			isa = XCBuildConfiguration;
			buildSettings = {
				ASSETCATALOG_COMPILER_APPICON_NAME = AppIcon;
				CODE_SIGN_IDENTITY = "Apple Development";
				CODE_SIGN_STYLE = Automatic;
				DEVELOPMENT_TEAM = 6YRYW5Q53W;
				INFOPLIST_FILE = BaiTapView/Info.plist;
				LD_RUNPATH_SEARCH_PATHS = (
					"$(inherited)",
					"@executable_path/Frameworks",
				);
				PRODUCT_BUNDLE_IDENTIFIER = trin.com.baitapview;
				PRODUCT_NAME = "$(TARGET_NAME)";
				PROVISIONING_PROFILE_SPECIFIER = "";
				SWIFT_VERSION = 5.0;
				TARGETED_DEVICE_FAMILY = "1,2";
			};
			name = Release;
		};
/* End XCBuildConfiguration section */

/* Begin XCConfigurationList section */
		7045655E24AB2E310058AD43 /* Build configuration list for PBXProject "BaiTapView" */ = {
			isa = XCConfigurationList;
			buildConfigurations = (
				7045657524AB2E330058AD43 /* Debug */,
				7045657624AB2E330058AD43 /* Release */,
			);
			defaultConfigurationIsVisible = 0;
			defaultConfigurationName = Release;
		};
		7045657724AB2E330058AD43 /* Build configuration list for PBXNativeTarget "BaiTapView" */ = {
			isa = XCConfigurationList;
			buildConfigurations = (
				7045657824AB2E330058AD43 /* Debug */,
				7045657924AB2E330058AD43 /* Release */,
			);
			defaultConfigurationIsVisible = 0;
			defaultConfigurationName = Release;
		};
/* End XCConfigurationList section */
	};
	rootObject = 7045655B24AB2E310058AD43 /* Project object */;
}
