// !$*UTF8*$!
{
	archiveVersion = 1;
	classes = {
	};
	objectVersion = 50;
	objects = {

/* Begin PBXBuildFile section */
		83273A6B24B6F97F000629CE /* AppDelegate.swift in Sources */ = {isa = PBXBuildFile; fileRef = 83273A6A24B6F97F000629CE /* AppDelegate.swift */; };
		83273A6D24B6F97F000629CE /* SceneDelegate.swift in Sources */ = {isa = PBXBuildFile; fileRef = 83273A6C24B6F97F000629CE /* SceneDelegate.swift */; };
		83273A6F24B6F97F000629CE /* ViewController.swift in Sources */ = {isa = PBXBuildFile; fileRef = 83273A6E24B6F97F000629CE /* ViewController.swift */; };
		83273A7424B6F980000629CE /* Assets.xcassets in Resources */ = {isa = PBXBuildFile; fileRef = 83273A7324B6F980000629CE /* Assets.xcassets */; };
		83273A7724B6F980000629CE /* LaunchScreen.storyboard in Resources */ = {isa = PBXBuildFile; fileRef = 83273A7524B6F980000629CE /* LaunchScreen.storyboard */; };
		83273A8024B6FBAC000629CE /* Bai01View.swift in Sources */ = {isa = PBXBuildFile; fileRef = 83273A7F24B6FBAC000629CE /* Bai01View.swift */; };
		83273A8224B6FF89000629CE /* Bai01ViewController.swift in Sources */ = {isa = PBXBuildFile; fileRef = 83273A8124B6FF89000629CE /* Bai01ViewController.swift */; };
		83273A8624B71487000629CE /* Bai02ViewController.swift in Sources */ = {isa = PBXBuildFile; fileRef = 83273A8524B71487000629CE /* Bai02ViewController.swift */; };
		83273A8824B714E9000629CE /* Bai02View.swift in Sources */ = {isa = PBXBuildFile; fileRef = 83273A8724B714E9000629CE /* Bai02View.swift */; };
/* End PBXBuildFile section */

/* Begin PBXFileReference section */
		83273A6724B6F97F000629CE /* Drawing.app */ = {isa = PBXFileReference; explicitFileType = wrapper.application; includeInIndex = 0; path = Drawing.app; sourceTree = BUILT_PRODUCTS_DIR; };
		83273A6A24B6F97F000629CE /* AppDelegate.swift */ = {isa = PBXFileReference; lastKnownFileType = sourcecode.swift; path = AppDelegate.swift; sourceTree = "<group>"; };
		83273A6C24B6F97F000629CE /* SceneDelegate.swift */ = {isa = PBXFileReference; lastKnownFileType = sourcecode.swift; path = SceneDelegate.swift; sourceTree = "<group>"; };
		83273A6E24B6F97F000629CE /* ViewController.swift */ = {isa = PBXFileReference; lastKnownFileType = sourcecode.swift; path = ViewController.swift; sourceTree = "<group>"; };
		83273A7324B6F980000629CE /* Assets.xcassets */ = {isa = PBXFileReference; lastKnownFileType = folder.assetcatalog; path = Assets.xcassets; sourceTree = "<group>"; };
		83273A7624B6F980000629CE /* Base */ = {isa = PBXFileReference; lastKnownFileType = file.storyboard; name = Base; path = Base.lproj/LaunchScreen.storyboard; sourceTree = "<group>"; };
		83273A7824B6F980000629CE /* Info.plist */ = {isa = PBXFileReference; lastKnownFileType = text.plist.xml; path = Info.plist; sourceTree = "<group>"; };
		83273A7F24B6FBAC000629CE /* Bai01View.swift */ = {isa = PBXFileReference; lastKnownFileType = sourcecode.swift; path = Bai01View.swift; sourceTree = "<group>"; };
		83273A8124B6FF89000629CE /* Bai01ViewController.swift */ = {isa = PBXFileReference; lastKnownFileType = sourcecode.swift; path = Bai01ViewController.swift; sourceTree = "<group>"; };
		83273A8524B71487000629CE /* Bai02ViewController.swift */ = {isa = PBXFileReference; lastKnownFileType = sourcecode.swift; path = Bai02ViewController.swift; sourceTree = "<group>"; };
		83273A8724B714E9000629CE /* Bai02View.swift */ = {isa = PBXFileReference; lastKnownFileType = sourcecode.swift; path = Bai02View.swift; sourceTree = "<group>"; };
/* End PBXFileReference section */

/* Begin PBXFrameworksBuildPhase section */
		83273A6424B6F97F000629CE /* Frameworks */ = {
			isa = PBXFrameworksBuildPhase;
			buildActionMask = 2147483647;
			files = (
			);
			runOnlyForDeploymentPostprocessing = 0;
		};
/* End PBXFrameworksBuildPhase section */

/* Begin PBXGroup section */
		83273A5E24B6F97F000629CE = {
			isa = PBXGroup;
			children = (
				83273A6924B6F97F000629CE /* Drawing */,
				83273A6824B6F97F000629CE /* Products */,
			);
			sourceTree = "<group>";
		};
		83273A6824B6F97F000629CE /* Products */ = {
			isa = PBXGroup;
			children = (
				83273A6724B6F97F000629CE /* Drawing.app */,
			);
			name = Products;
			sourceTree = "<group>";
		};
		83273A6924B6F97F000629CE /* Drawing */ = {
			isa = PBXGroup;
			children = (
				83273A8424B71471000629CE /* Bai02 */,
				83273A7E24B6FB83000629CE /* Bai01 */,
				83273A6A24B6F97F000629CE /* AppDelegate.swift */,
				83273A6C24B6F97F000629CE /* SceneDelegate.swift */,
				83273A6E24B6F97F000629CE /* ViewController.swift */,
				83273A7324B6F980000629CE /* Assets.xcassets */,
				83273A7524B6F980000629CE /* LaunchScreen.storyboard */,
				83273A7824B6F980000629CE /* Info.plist */,
			);
			path = Drawing;
			sourceTree = "<group>";
		};
		83273A7E24B6FB83000629CE /* Bai01 */ = {
			isa = PBXGroup;
			children = (
				83273A7F24B6FBAC000629CE /* Bai01View.swift */,
				83273A8124B6FF89000629CE /* Bai01ViewController.swift */,
			);
			path = Bai01;
			sourceTree = "<group>";
		};
		83273A8424B71471000629CE /* Bai02 */ = {
			isa = PBXGroup;
			children = (
				83273A8524B71487000629CE /* Bai02ViewController.swift */,
				83273A8724B714E9000629CE /* Bai02View.swift */,
			);
			path = Bai02;
			sourceTree = "<group>";
		};
/* End PBXGroup section */

/* Begin PBXNativeTarget section */
		83273A6624B6F97F000629CE /* Drawing */ = {
			isa = PBXNativeTarget;
			buildConfigurationList = 83273A7B24B6F980000629CE /* Build configuration list for PBXNativeTarget "Drawing" */;
			buildPhases = (
				83273A6324B6F97F000629CE /* Sources */,
				83273A6424B6F97F000629CE /* Frameworks */,
				83273A6524B6F97F000629CE /* Resources */,
			);
			buildRules = (
			);
			dependencies = (
			);
			name = Drawing;
			productName = Drawing;
			productReference = 83273A6724B6F97F000629CE /* Drawing.app */;
			productType = "com.apple.product-type.application";
		};
/* End PBXNativeTarget section */

/* Begin PBXProject section */
		83273A5F24B6F97F000629CE /* Project object */ = {
			isa = PBXProject;
			attributes = {
				LastSwiftUpdateCheck = 1150;
				LastUpgradeCheck = 1150;
				ORGANIZATIONNAME = bu;
				TargetAttributes = {
					83273A6624B6F97F000629CE = {
						CreatedOnToolsVersion = 11.5;
					};
				};
			};
			buildConfigurationList = 83273A6224B6F97F000629CE /* Build configuration list for PBXProject "Drawing" */;
			compatibilityVersion = "Xcode 9.3";
			developmentRegion = en;
			hasScannedForEncodings = 0;
			knownRegions = (
				en,
				Base,
			);
			mainGroup = 83273A5E24B6F97F000629CE;
			productRefGroup = 83273A6824B6F97F000629CE /* Products */;
			projectDirPath = "";
			projectRoot = "";
			targets = (
				83273A6624B6F97F000629CE /* Drawing */,
			);
		};
/* End PBXProject section */

/* Begin PBXResourcesBuildPhase section */
		83273A6524B6F97F000629CE /* Resources */ = {
			isa = PBXResourcesBuildPhase;
			buildActionMask = 2147483647;
			files = (
				83273A7724B6F980000629CE /* LaunchScreen.storyboard in Resources */,
				83273A7424B6F980000629CE /* Assets.xcassets in Resources */,
			);
			runOnlyForDeploymentPostprocessing = 0;
		};
/* End PBXResourcesBuildPhase section */

/* Begin PBXSourcesBuildPhase section */
		83273A6324B6F97F000629CE /* Sources */ = {
			isa = PBXSourcesBuildPhase;
			buildActionMask = 2147483647;
			files = (
				83273A6F24B6F97F000629CE /* ViewController.swift in Sources */,
				83273A6B24B6F97F000629CE /* AppDelegate.swift in Sources */,
				83273A6D24B6F97F000629CE /* SceneDelegate.swift in Sources */,
				83273A8824B714E9000629CE /* Bai02View.swift in Sources */,
				83273A8224B6FF89000629CE /* Bai01ViewController.swift in Sources */,
				83273A8024B6FBAC000629CE /* Bai01View.swift in Sources */,
				83273A8624B71487000629CE /* Bai02ViewController.swift in Sources */,
			);
			runOnlyForDeploymentPostprocessing = 0;
		};
/* End PBXSourcesBuildPhase section */

/* Begin PBXVariantGroup section */
		83273A7524B6F980000629CE /* LaunchScreen.storyboard */ = {
			isa = PBXVariantGroup;
			children = (
				83273A7624B6F980000629CE /* Base */,
			);
			name = LaunchScreen.storyboard;
			sourceTree = "<group>";
		};
/* End PBXVariantGroup section */

/* Begin XCBuildConfiguration section */
		83273A7924B6F980000629CE /* Debug */ = {
			isa = XCBuildConfiguration;
			buildSettings = {
				ALWAYS_SEARCH_USER_PATHS = NO;
				CLANG_ANALYZER_NONNULL = YES;
				CLANG_ANALYZER_NUMBER_OBJECT_CONVERSION = YES_AGGRESSIVE;
				CLANG_CXX_LANGUAGE_STANDARD = "gnu++14";
				CLANG_CXX_LIBRARY = "libc++";
				CLANG_ENABLE_MODULES = YES;
				CLANG_ENABLE_OBJC_ARC = YES;
				CLANG_ENABLE_OBJC_WEAK = YES;
				CLANG_WARN_BLOCK_CAPTURE_AUTORELEASING = YES;
				CLANG_WARN_BOOL_CONVERSION = YES;
				CLANG_WARN_COMMA = YES;
				CLANG_WARN_CONSTANT_CONVERSION = YES;
				CLANG_WARN_DEPRECATED_OBJC_IMPLEMENTATIONS = YES;
				CLANG_WARN_DIRECT_OBJC_ISA_USAGE = YES_ERROR;
				CLANG_WARN_DOCUMENTATION_COMMENTS = YES;
				CLANG_WARN_EMPTY_BODY = YES;
				CLANG_WARN_ENUM_CONVERSION = YES;
				CLANG_WARN_INFINITE_RECURSION = YES;
				CLANG_WARN_INT_CONVERSION = YES;
				CLANG_WARN_NON_LITERAL_NULL_CONVERSION = YES;
				CLANG_WARN_OBJC_IMPLICIT_RETAIN_SELF = YES;
				CLANG_WARN_OBJC_LITERAL_CONVERSION = YES;
				CLANG_WARN_OBJC_ROOT_CLASS = YES_ERROR;
				CLANG_WARN_RANGE_LOOP_ANALYSIS = YES;
				CLANG_WARN_STRICT_PROTOTYPES = YES;
				CLANG_WARN_SUSPICIOUS_MOVE = YES;
				CLANG_WARN_UNGUARDED_AVAILABILITY = YES_AGGRESSIVE;
				CLANG_WARN_UNREACHABLE_CODE = YES;
				CLANG_WARN__DUPLICATE_METHOD_MATCH = YES;
				COPY_PHASE_STRIP = NO;
				DEBUG_INFORMATION_FORMAT = dwarf;
				ENABLE_STRICT_OBJC_MSGSEND = YES;
				ENABLE_TESTABILITY = YES;
				GCC_C_LANGUAGE_STANDARD = gnu11;
				GCC_DYNAMIC_NO_PIC = NO;
				GCC_NO_COMMON_BLOCKS = YES;
				GCC_OPTIMIZATION_LEVEL = 0;
				GCC_PREPROCESSOR_DEFINITIONS = (
					"DEBUG=1",
					"$(inherited)",
				);
				GCC_WARN_64_TO_32_BIT_CONVERSION = YES;
				GCC_WARN_ABOUT_RETURN_TYPE = YES_ERROR;
				GCC_WARN_UNDECLARED_SELECTOR = YES;
				GCC_WARN_UNINITIALIZED_AUTOS = YES_AGGRESSIVE;
				GCC_WARN_UNUSED_FUNCTION = YES;
				GCC_WARN_UNUSED_VARIABLE = YES;
				IPHONEOS_DEPLOYMENT_TARGET = 13.5;
				MTL_ENABLE_DEBUG_INFO = INCLUDE_SOURCE;
				MTL_FAST_MATH = YES;
				ONLY_ACTIVE_ARCH = YES;
				SDKROOT = iphoneos;
				SWIFT_ACTIVE_COMPILATION_CONDITIONS = DEBUG;
				SWIFT_OPTIMIZATION_LEVEL = "-Onone";
			};
			name = Debug;
		};
		83273A7A24B6F980000629CE /* Release */ = {
			isa = XCBuildConfiguration;
			buildSettings = {
				ALWAYS_SEARCH_USER_PATHS = NO;
				CLANG_ANALYZER_NONNULL = YES;
				CLANG_ANALYZER_NUMBER_OBJECT_CONVERSION = YES_AGGRESSIVE;
				CLANG_CXX_LANGUAGE_STANDARD = "gnu++14";
				CLANG_CXX_LIBRARY = "libc++";
				CLANG_ENABLE_MODULES = YES;
				CLANG_ENABLE_OBJC_ARC = YES;
				CLANG_ENABLE_OBJC_WEAK = YES;
				CLANG_WARN_BLOCK_CAPTURE_AUTORELEASING = YES;
				CLANG_WARN_BOOL_CONVERSION = YES;
				CLANG_WARN_COMMA = YES;
				CLANG_WARN_CONSTANT_CONVERSION = YES;
				CLANG_WARN_DEPRECATED_OBJC_IMPLEMENTATIONS = YES;
				CLANG_WARN_DIRECT_OBJC_ISA_USAGE = YES_ERROR;
				CLANG_WARN_DOCUMENTATION_COMMENTS = YES;
				CLANG_WARN_EMPTY_BODY = YES;
				CLANG_WARN_ENUM_CONVERSION = YES;
				CLANG_WARN_INFINITE_RECURSION = YES;
				CLANG_WARN_INT_CONVERSION = YES;
				CLANG_WARN_NON_LITERAL_NULL_CONVERSION = YES;
				CLANG_WARN_OBJC_IMPLICIT_RETAIN_SELF = YES;
				CLANG_WARN_OBJC_LITERAL_CONVERSION = YES;
				CLANG_WARN_OBJC_ROOT_CLASS = YES_ERROR;
				CLANG_WARN_RANGE_LOOP_ANALYSIS = YES;
				CLANG_WARN_STRICT_PROTOTYPES = YES;
				CLANG_WARN_SUSPICIOUS_MOVE = YES;
				CLANG_WARN_UNGUARDED_AVAILABILITY = YES_AGGRESSIVE;
				CLANG_WARN_UNREACHABLE_CODE = YES;
				CLANG_WARN__DUPLICATE_METHOD_MATCH = YES;
				COPY_PHASE_STRIP = NO;
				DEBUG_INFORMATION_FORMAT = "dwarf-with-dsym";
				ENABLE_NS_ASSERTIONS = NO;
				ENABLE_STRICT_OBJC_MSGSEND = YES;
				GCC_C_LANGUAGE_STANDARD = gnu11;
				GCC_NO_COMMON_BLOCKS = YES;
				GCC_WARN_64_TO_32_BIT_CONVERSION = YES;
				GCC_WARN_ABOUT_RETURN_TYPE = YES_ERROR;
				GCC_WARN_UNDECLARED_SELECTOR = YES;
				GCC_WARN_UNINITIALIZED_AUTOS = YES_AGGRESSIVE;
				GCC_WARN_UNUSED_FUNCTION = YES;
				GCC_WARN_UNUSED_VARIABLE = YES;
				IPHONEOS_DEPLOYMENT_TARGET = 13.5;
				MTL_ENABLE_DEBUG_INFO = NO;
				MTL_FAST_MATH = YES;
				SDKROOT = iphoneos;
				SWIFT_COMPILATION_MODE = wholemodule;
				SWIFT_OPTIMIZATION_LEVEL = "-O";
				VALIDATE_PRODUCT = YES;
			};
			name = Release;
		};
		83273A7C24B6F980000629CE /* Debug */ = {
			isa = XCBuildConfiguration;
			buildSettings = {
				ASSETCATALOG_COMPILER_APPICON_NAME = AppIcon;
				CODE_SIGN_STYLE = Automatic;
				DEVELOPMENT_TEAM = 3HLZ8P4U7A;
				INFOPLIST_FILE = Drawing/Info.plist;
				LD_RUNPATH_SEARCH_PATHS = (
					"$(inherited)",
					"@executable_path/Frameworks",
				);
				PRODUCT_BUNDLE_IDENTIFIER = ATintern.Unit06.Drawing;
				PRODUCT_NAME = "$(TARGET_NAME)";
				SWIFT_VERSION = 5.0;
				TARGETED_DEVICE_FAMILY = "1,2";
			};
			name = Debug;
		};
		83273A7D24B6F980000629CE /* Release */ = {
			isa = XCBuildConfiguration;
			buildSettings = {
				ASSETCATALOG_COMPILER_APPICON_NAME = AppIcon;
				CODE_SIGN_STYLE = Automatic;
				DEVELOPMENT_TEAM = 3HLZ8P4U7A;
				INFOPLIST_FILE = Drawing/Info.plist;
				LD_RUNPATH_SEARCH_PATHS = (
					"$(inherited)",
					"@executable_path/Frameworks",
				);
				PRODUCT_BUNDLE_IDENTIFIER = ATintern.Unit06.Drawing;
				PRODUCT_NAME = "$(TARGET_NAME)";
				SWIFT_VERSION = 5.0;
				TARGETED_DEVICE_FAMILY = "1,2";
			};
			name = Release;
		};
/* End XCBuildConfiguration section */

/* Begin XCConfigurationList section */
		83273A6224B6F97F000629CE /* Build configuration list for PBXProject "Drawing" */ = {
			isa = XCConfigurationList;
			buildConfigurations = (
				83273A7924B6F980000629CE /* Debug */,
				83273A7A24B6F980000629CE /* Release */,
			);
			defaultConfigurationIsVisible = 0;
			defaultConfigurationName = Release;
		};
		83273A7B24B6F980000629CE /* Build configuration list for PBXNativeTarget "Drawing" */ = {
			isa = XCConfigurationList;
			buildConfigurations = (
				83273A7C24B6F980000629CE /* Debug */,
				83273A7D24B6F980000629CE /* Release */,
			);
			defaultConfigurationIsVisible = 0;
			defaultConfigurationName = Release;
		};
/* End XCConfigurationList section */
	};
	rootObject = 83273A5F24B6F97F000629CE /* Project object */;
}
