// !$*UTF8*$!
{
	archiveVersion = 1;
	classes = {
	};
	objectVersion = 50;
	objects = {

/* Begin PBXBuildFile section */
		8328D8D124D69616008F2CA4 /* AppDelegate.swift in Sources */ = {isa = PBXBuildFile; fileRef = 8328D8D024D69616008F2CA4 /* AppDelegate.swift */; };
		8328D8D324D69616008F2CA4 /* SceneDelegate.swift in Sources */ = {isa = PBXBuildFile; fileRef = 8328D8D224D69616008F2CA4 /* SceneDelegate.swift */; };
		8328D8D524D69616008F2CA4 /* ViewController.swift in Sources */ = {isa = PBXBuildFile; fileRef = 8328D8D424D69616008F2CA4 /* ViewController.swift */; };
		8328D8DA24D69617008F2CA4 /* Assets.xcassets in Resources */ = {isa = PBXBuildFile; fileRef = 8328D8D924D69617008F2CA4 /* Assets.xcassets */; };
		8328D8F324D6A878008F2CA4 /* DisplayListTableViewController.swift in Sources */ = {isa = PBXBuildFile; fileRef = 8328D8F124D6A878008F2CA4 /* DisplayListTableViewController.swift */; };
		8328D8F424D6A878008F2CA4 /* DisplayListTableViewController.xib in Resources */ = {isa = PBXBuildFile; fileRef = 8328D8F224D6A878008F2CA4 /* DisplayListTableViewController.xib */; };
		8328D8F624D6AA67008F2CA4 /* NameList.plist in Resources */ = {isa = PBXBuildFile; fileRef = 8328D8F524D6AA67008F2CA4 /* NameList.plist */; };
		8328D8F924D6ACBF008F2CA4 /* ListNameTableViewController.swift in Sources */ = {isa = PBXBuildFile; fileRef = 8328D8F824D6ACBF008F2CA4 /* ListNameTableViewController.swift */; };
		8328D8FF24D6AF4B008F2CA4 /* DetailViewController.swift in Sources */ = {isa = PBXBuildFile; fileRef = 8328D8FD24D6AF4B008F2CA4 /* DetailViewController.swift */; };
		8328D90024D6AF4B008F2CA4 /* DetailViewController.xib in Resources */ = {isa = PBXBuildFile; fileRef = 8328D8FE24D6AF4B008F2CA4 /* DetailViewController.xib */; };
		832D695124D7B55F00241614 /* Bai04ViewController.swift in Sources */ = {isa = PBXBuildFile; fileRef = 832D694F24D7B55F00241614 /* Bai04ViewController.swift */; };
		832D695224D7B55F00241614 /* Bai04ViewController.xib in Resources */ = {isa = PBXBuildFile; fileRef = 832D695024D7B55F00241614 /* Bai04ViewController.xib */; };
		832D695424D7C27B00241614 /* DataSection.plist in Resources */ = {isa = PBXBuildFile; fileRef = 832D695324D7C27B00241614 /* DataSection.plist */; };
		832F920624D7A813006CF6D9 /* MasterViewController.swift in Sources */ = {isa = PBXBuildFile; fileRef = 832F920424D7A813006CF6D9 /* MasterViewController.swift */; };
		832F920724D7A813006CF6D9 /* MasterViewController.xib in Resources */ = {isa = PBXBuildFile; fileRef = 832F920524D7A813006CF6D9 /* MasterViewController.xib */; };
		833E0E6B24D7EB85003B87F3 /* Bai05ViewController.swift in Sources */ = {isa = PBXBuildFile; fileRef = 833E0E6924D7EB85003B87F3 /* Bai05ViewController.swift */; };
		833E0E6C24D7EB85003B87F3 /* Bai05ViewController.xib in Resources */ = {isa = PBXBuildFile; fileRef = 833E0E6A24D7EB85003B87F3 /* Bai05ViewController.xib */; };
		833E0E6F24D7ED23003B87F3 /* ShowNameViewController.swift in Sources */ = {isa = PBXBuildFile; fileRef = 833E0E6D24D7ED23003B87F3 /* ShowNameViewController.swift */; };
		833E0E7024D7ED23003B87F3 /* ShowNameViewController.xib in Resources */ = {isa = PBXBuildFile; fileRef = 833E0E6E24D7ED23003B87F3 /* ShowNameViewController.xib */; };
		833E0E7424D7F835003B87F3 /* Bai07ViewController.swift in Sources */ = {isa = PBXBuildFile; fileRef = 833E0E7224D7F835003B87F3 /* Bai07ViewController.swift */; };
		833E0E7524D7F835003B87F3 /* Bai07ViewController.xib in Resources */ = {isa = PBXBuildFile; fileRef = 833E0E7324D7F835003B87F3 /* Bai07ViewController.xib */; };
		833E0E7924D7FBB5003B87F3 /* Bai08ViewController.swift in Sources */ = {isa = PBXBuildFile; fileRef = 833E0E7724D7FBB5003B87F3 /* Bai08ViewController.swift */; };
		833E0E7A24D7FBB5003B87F3 /* Bai08ViewController.xib in Resources */ = {isa = PBXBuildFile; fileRef = 833E0E7824D7FBB5003B87F3 /* Bai08ViewController.xib */; };
		833E0E7D24D7FC93003B87F3 /* LabelView.swift in Sources */ = {isa = PBXBuildFile; fileRef = 833E0E7C24D7FC93003B87F3 /* LabelView.swift */; };
/* End PBXBuildFile section */

/* Begin PBXFileReference section */
		8328D8CD24D69616008F2CA4 /* TableView.app */ = {isa = PBXFileReference; explicitFileType = wrapper.application; includeInIndex = 0; path = TableView.app; sourceTree = BUILT_PRODUCTS_DIR; };
		8328D8D024D69616008F2CA4 /* AppDelegate.swift */ = {isa = PBXFileReference; lastKnownFileType = sourcecode.swift; path = AppDelegate.swift; sourceTree = "<group>"; };
		8328D8D224D69616008F2CA4 /* SceneDelegate.swift */ = {isa = PBXFileReference; lastKnownFileType = sourcecode.swift; path = SceneDelegate.swift; sourceTree = "<group>"; };
		8328D8D424D69616008F2CA4 /* ViewController.swift */ = {isa = PBXFileReference; lastKnownFileType = sourcecode.swift; path = ViewController.swift; sourceTree = "<group>"; };
		8328D8D924D69617008F2CA4 /* Assets.xcassets */ = {isa = PBXFileReference; lastKnownFileType = folder.assetcatalog; path = Assets.xcassets; sourceTree = "<group>"; };
		8328D8DE24D69617008F2CA4 /* Info.plist */ = {isa = PBXFileReference; lastKnownFileType = text.plist.xml; path = Info.plist; sourceTree = "<group>"; };
		8328D8F124D6A878008F2CA4 /* DisplayListTableViewController.swift */ = {isa = PBXFileReference; lastKnownFileType = sourcecode.swift; path = DisplayListTableViewController.swift; sourceTree = "<group>"; };
		8328D8F224D6A878008F2CA4 /* DisplayListTableViewController.xib */ = {isa = PBXFileReference; lastKnownFileType = file.xib; path = DisplayListTableViewController.xib; sourceTree = "<group>"; };
		8328D8F524D6AA67008F2CA4 /* NameList.plist */ = {isa = PBXFileReference; lastKnownFileType = text.plist.xml; path = NameList.plist; sourceTree = "<group>"; };
		8328D8F824D6ACBF008F2CA4 /* ListNameTableViewController.swift */ = {isa = PBXFileReference; lastKnownFileType = sourcecode.swift; path = ListNameTableViewController.swift; sourceTree = "<group>"; };
		8328D8FD24D6AF4B008F2CA4 /* DetailViewController.swift */ = {isa = PBXFileReference; lastKnownFileType = sourcecode.swift; path = DetailViewController.swift; sourceTree = "<group>"; };
		8328D8FE24D6AF4B008F2CA4 /* DetailViewController.xib */ = {isa = PBXFileReference; lastKnownFileType = file.xib; path = DetailViewController.xib; sourceTree = "<group>"; };
		832D694F24D7B55F00241614 /* Bai04ViewController.swift */ = {isa = PBXFileReference; lastKnownFileType = sourcecode.swift; path = Bai04ViewController.swift; sourceTree = "<group>"; };
		832D695024D7B55F00241614 /* Bai04ViewController.xib */ = {isa = PBXFileReference; lastKnownFileType = file.xib; path = Bai04ViewController.xib; sourceTree = "<group>"; };
		832D695324D7C27B00241614 /* DataSection.plist */ = {isa = PBXFileReference; lastKnownFileType = text.plist.xml; path = DataSection.plist; sourceTree = "<group>"; };
		832F920424D7A813006CF6D9 /* MasterViewController.swift */ = {isa = PBXFileReference; fileEncoding = 4; lastKnownFileType = sourcecode.swift; path = MasterViewController.swift; sourceTree = "<group>"; };
		832F920524D7A813006CF6D9 /* MasterViewController.xib */ = {isa = PBXFileReference; fileEncoding = 4; lastKnownFileType = file.xib; path = MasterViewController.xib; sourceTree = "<group>"; };
		833E0E6924D7EB85003B87F3 /* Bai05ViewController.swift */ = {isa = PBXFileReference; lastKnownFileType = sourcecode.swift; path = Bai05ViewController.swift; sourceTree = "<group>"; };
		833E0E6A24D7EB85003B87F3 /* Bai05ViewController.xib */ = {isa = PBXFileReference; lastKnownFileType = file.xib; path = Bai05ViewController.xib; sourceTree = "<group>"; };
		833E0E6D24D7ED23003B87F3 /* ShowNameViewController.swift */ = {isa = PBXFileReference; lastKnownFileType = sourcecode.swift; path = ShowNameViewController.swift; sourceTree = "<group>"; };
		833E0E6E24D7ED23003B87F3 /* ShowNameViewController.xib */ = {isa = PBXFileReference; lastKnownFileType = file.xib; path = ShowNameViewController.xib; sourceTree = "<group>"; };
		833E0E7224D7F835003B87F3 /* Bai07ViewController.swift */ = {isa = PBXFileReference; lastKnownFileType = sourcecode.swift; path = Bai07ViewController.swift; sourceTree = "<group>"; };
		833E0E7324D7F835003B87F3 /* Bai07ViewController.xib */ = {isa = PBXFileReference; lastKnownFileType = file.xib; path = Bai07ViewController.xib; sourceTree = "<group>"; };
		833E0E7724D7FBB5003B87F3 /* Bai08ViewController.swift */ = {isa = PBXFileReference; lastKnownFileType = sourcecode.swift; path = Bai08ViewController.swift; sourceTree = "<group>"; };
		833E0E7824D7FBB5003B87F3 /* Bai08ViewController.xib */ = {isa = PBXFileReference; lastKnownFileType = file.xib; path = Bai08ViewController.xib; sourceTree = "<group>"; };
		833E0E7C24D7FC93003B87F3 /* LabelView.swift */ = {isa = PBXFileReference; lastKnownFileType = sourcecode.swift; path = LabelView.swift; sourceTree = "<group>"; };
/* End PBXFileReference section */

/* Begin PBXFrameworksBuildPhase section */
		8328D8CA24D69616008F2CA4 /* Frameworks */ = {
			isa = PBXFrameworksBuildPhase;
			buildActionMask = 2147483647;
			files = (
			);
			runOnlyForDeploymentPostprocessing = 0;
		};
/* End PBXFrameworksBuildPhase section */

/* Begin PBXGroup section */
		8328D8C424D69616008F2CA4 = {
			isa = PBXGroup;
			children = (
				8328D8CF24D69616008F2CA4 /* TableView */,
				8328D8CE24D69616008F2CA4 /* Products */,
			);
			sourceTree = "<group>";
		};
		8328D8CE24D69616008F2CA4 /* Products */ = {
			isa = PBXGroup;
			children = (
				8328D8CD24D69616008F2CA4 /* TableView.app */,
			);
			name = Products;
			sourceTree = "<group>";
		};
		8328D8CF24D69616008F2CA4 /* TableView */ = {
			isa = PBXGroup;
			children = (
				833E0E7B24D7FBD3003B87F3 /* Data */,
				833E0E7624D7FBA3003B87F3 /* Bai 08 */,
				833E0E7124D7F822003B87F3 /* Bai 07 */,
				833E0E6824D7EB5C003B87F3 /* Bai 05 */,
				832D694E24D7B50100241614 /* Bai 04 */,
				832F91FB24D7A6E0006CF6D9 /* Bai 03 */,
				8328D8F724D6AC7F008F2CA4 /* Bai 02 */,
				8328D8E424D6977D008F2CA4 /* Bai 01 */,
				8328D8D024D69616008F2CA4 /* AppDelegate.swift */,
				8328D8D224D69616008F2CA4 /* SceneDelegate.swift */,
				8328D8D424D69616008F2CA4 /* ViewController.swift */,
				8328D8D924D69617008F2CA4 /* Assets.xcassets */,
				8328D8DE24D69617008F2CA4 /* Info.plist */,
			);
			path = TableView;
			sourceTree = "<group>";
		};
		8328D8E424D6977D008F2CA4 /* Bai 01 */ = {
			isa = PBXGroup;
			children = (
				8328D8F124D6A878008F2CA4 /* DisplayListTableViewController.swift */,
				8328D8F224D6A878008F2CA4 /* DisplayListTableViewController.xib */,
			);
			path = "Bai 01";
			sourceTree = "<group>";
		};
		8328D8F724D6AC7F008F2CA4 /* Bai 02 */ = {
			isa = PBXGroup;
			children = (
				8328D8F824D6ACBF008F2CA4 /* ListNameTableViewController.swift */,
			);
			path = "Bai 02";
			sourceTree = "<group>";
		};
		832D694E24D7B50100241614 /* Bai 04 */ = {
			isa = PBXGroup;
			children = (
				832D694F24D7B55F00241614 /* Bai04ViewController.swift */,
				832D695024D7B55F00241614 /* Bai04ViewController.xib */,
			);
			path = "Bai 04";
			sourceTree = "<group>";
		};
		832F91FB24D7A6E0006CF6D9 /* Bai 03 */ = {
			isa = PBXGroup;
			children = (
				832F920424D7A813006CF6D9 /* MasterViewController.swift */,
				832F920524D7A813006CF6D9 /* MasterViewController.xib */,
				8328D8FD24D6AF4B008F2CA4 /* DetailViewController.swift */,
				8328D8FE24D6AF4B008F2CA4 /* DetailViewController.xib */,
			);
			path = "Bai 03";
			sourceTree = "<group>";
		};
		833E0E6824D7EB5C003B87F3 /* Bai 05 */ = {
			isa = PBXGroup;
			children = (
				833E0E6924D7EB85003B87F3 /* Bai05ViewController.swift */,
				833E0E6A24D7EB85003B87F3 /* Bai05ViewController.xib */,
				833E0E6D24D7ED23003B87F3 /* ShowNameViewController.swift */,
				833E0E6E24D7ED23003B87F3 /* ShowNameViewController.xib */,
			);
			path = "Bai 05";
			sourceTree = "<group>";
		};
		833E0E7124D7F822003B87F3 /* Bai 07 */ = {
			isa = PBXGroup;
			children = (
				833E0E7224D7F835003B87F3 /* Bai07ViewController.swift */,
				833E0E7324D7F835003B87F3 /* Bai07ViewController.xib */,
			);
			path = "Bai 07";
			sourceTree = "<group>";
		};
		833E0E7624D7FBA3003B87F3 /* Bai 08 */ = {
			isa = PBXGroup;
			children = (
				833E0E7C24D7FC93003B87F3 /* LabelView.swift */,
				833E0E7724D7FBB5003B87F3 /* Bai08ViewController.swift */,
				833E0E7824D7FBB5003B87F3 /* Bai08ViewController.xib */,
			);
			path = "Bai 08";
			sourceTree = "<group>";
		};
		833E0E7B24D7FBD3003B87F3 /* Data */ = {
			isa = PBXGroup;
			children = (
				8328D8F524D6AA67008F2CA4 /* NameList.plist */,
				832D695324D7C27B00241614 /* DataSection.plist */,
			);
			path = Data;
			sourceTree = "<group>";
		};
/* End PBXGroup section */

/* Begin PBXNativeTarget section */
		8328D8CC24D69616008F2CA4 /* TableView */ = {
			isa = PBXNativeTarget;
			buildConfigurationList = 8328D8E124D69617008F2CA4 /* Build configuration list for PBXNativeTarget "TableView" */;
			buildPhases = (
				8328D8C924D69616008F2CA4 /* Sources */,
				8328D8CA24D69616008F2CA4 /* Frameworks */,
				8328D8CB24D69616008F2CA4 /* Resources */,
			);
			buildRules = (
			);
			dependencies = (
			);
			name = TableView;
			productName = TableView;
			productReference = 8328D8CD24D69616008F2CA4 /* TableView.app */;
			productType = "com.apple.product-type.application";
		};
/* End PBXNativeTarget section */

/* Begin PBXProject section */
		8328D8C524D69616008F2CA4 /* Project object */ = {
			isa = PBXProject;
			attributes = {
				LastSwiftUpdateCheck = 1150;
				LastUpgradeCheck = 1150;
				ORGANIZATIONNAME = bu;
				TargetAttributes = {
					8328D8CC24D69616008F2CA4 = {
						CreatedOnToolsVersion = 11.5;
					};
				};
			};
			buildConfigurationList = 8328D8C824D69616008F2CA4 /* Build configuration list for PBXProject "TableView" */;
			compatibilityVersion = "Xcode 9.3";
			developmentRegion = en;
			hasScannedForEncodings = 0;
			knownRegions = (
				en,
				Base,
			);
			mainGroup = 8328D8C424D69616008F2CA4;
			productRefGroup = 8328D8CE24D69616008F2CA4 /* Products */;
			projectDirPath = "";
			projectRoot = "";
			targets = (
				8328D8CC24D69616008F2CA4 /* TableView */,
			);
		};
/* End PBXProject section */

/* Begin PBXResourcesBuildPhase section */
		8328D8CB24D69616008F2CA4 /* Resources */ = {
			isa = PBXResourcesBuildPhase;
			buildActionMask = 2147483647;
			files = (
				833E0E6C24D7EB85003B87F3 /* Bai05ViewController.xib in Resources */,
				833E0E7524D7F835003B87F3 /* Bai07ViewController.xib in Resources */,
				833E0E7A24D7FBB5003B87F3 /* Bai08ViewController.xib in Resources */,
				8328D8F424D6A878008F2CA4 /* DisplayListTableViewController.xib in Resources */,
				832D695224D7B55F00241614 /* Bai04ViewController.xib in Resources */,
				832F920724D7A813006CF6D9 /* MasterViewController.xib in Resources */,
				8328D8F624D6AA67008F2CA4 /* NameList.plist in Resources */,
				8328D8DA24D69617008F2CA4 /* Assets.xcassets in Resources */,
				833E0E7024D7ED23003B87F3 /* ShowNameViewController.xib in Resources */,
				832D695424D7C27B00241614 /* DataSection.plist in Resources */,
				8328D90024D6AF4B008F2CA4 /* DetailViewController.xib in Resources */,
			);
			runOnlyForDeploymentPostprocessing = 0;
		};
/* End PBXResourcesBuildPhase section */

/* Begin PBXSourcesBuildPhase section */
		8328D8C924D69616008F2CA4 /* Sources */ = {
			isa = PBXSourcesBuildPhase;
			buildActionMask = 2147483647;
			files = (
				8328D8F924D6ACBF008F2CA4 /* ListNameTableViewController.swift in Sources */,
				833E0E7424D7F835003B87F3 /* Bai07ViewController.swift in Sources */,
				8328D8F324D6A878008F2CA4 /* DisplayListTableViewController.swift in Sources */,
				8328D8D524D69616008F2CA4 /* ViewController.swift in Sources */,
				833E0E6B24D7EB85003B87F3 /* Bai05ViewController.swift in Sources */,
				833E0E6F24D7ED23003B87F3 /* ShowNameViewController.swift in Sources */,
				832D695124D7B55F00241614 /* Bai04ViewController.swift in Sources */,
				832F920624D7A813006CF6D9 /* MasterViewController.swift in Sources */,
				8328D8D124D69616008F2CA4 /* AppDelegate.swift in Sources */,
				833E0E7D24D7FC93003B87F3 /* LabelView.swift in Sources */,
				8328D8D324D69616008F2CA4 /* SceneDelegate.swift in Sources */,
				8328D8FF24D6AF4B008F2CA4 /* DetailViewController.swift in Sources */,
				833E0E7924D7FBB5003B87F3 /* Bai08ViewController.swift in Sources */,
			);
			runOnlyForDeploymentPostprocessing = 0;
		};
/* End PBXSourcesBuildPhase section */

/* Begin XCBuildConfiguration section */
		8328D8DF24D69617008F2CA4 /* Debug */ = {
			isa = XCBuildConfiguration;
			buildSettings = {
				ALWAYS_SEARCH_USER_PATHS = NO;
				CLANG_ANALYZER_NONNULL = YES;
				CLANG_ANALYZER_NUMBER_OBJECT_CONVERSION = YES_AGGRESSIVE;
				CLANG_CXX_LANGUAGE_STANDARD = "gnu++14";
				CLANG_CXX_LIBRARY = "libc++";
				CLANG_ENABLE_MODULES = YES;
				CLANG_ENABLE_OBJC_ARC = YES;
				CLANG_ENABLE_OBJC_WEAK = YES;
				CLANG_WARN_BLOCK_CAPTURE_AUTORELEASING = YES;
				CLANG_WARN_BOOL_CONVERSION = YES;
				CLANG_WARN_COMMA = YES;
				CLANG_WARN_CONSTANT_CONVERSION = YES;
				CLANG_WARN_DEPRECATED_OBJC_IMPLEMENTATIONS = YES;
				CLANG_WARN_DIRECT_OBJC_ISA_USAGE = YES_ERROR;
				CLANG_WARN_DOCUMENTATION_COMMENTS = YES;
				CLANG_WARN_EMPTY_BODY = YES;
				CLANG_WARN_ENUM_CONVERSION = YES;
				CLANG_WARN_INFINITE_RECURSION = YES;
				CLANG_WARN_INT_CONVERSION = YES;
				CLANG_WARN_NON_LITERAL_NULL_CONVERSION = YES;
				CLANG_WARN_OBJC_IMPLICIT_RETAIN_SELF = YES;
				CLANG_WARN_OBJC_LITERAL_CONVERSION = YES;
				CLANG_WARN_OBJC_ROOT_CLASS = YES_ERROR;
				CLANG_WARN_RANGE_LOOP_ANALYSIS = YES;
				CLANG_WARN_STRICT_PROTOTYPES = YES;
				CLANG_WARN_SUSPICIOUS_MOVE = YES;
				CLANG_WARN_UNGUARDED_AVAILABILITY = YES_AGGRESSIVE;
				CLANG_WARN_UNREACHABLE_CODE = YES;
				CLANG_WARN__DUPLICATE_METHOD_MATCH = YES;
				COPY_PHASE_STRIP = NO;
				DEBUG_INFORMATION_FORMAT = dwarf;
				ENABLE_STRICT_OBJC_MSGSEND = YES;
				ENABLE_TESTABILITY = YES;
				GCC_C_LANGUAGE_STANDARD = gnu11;
				GCC_DYNAMIC_NO_PIC = NO;
				GCC_NO_COMMON_BLOCKS = YES;
				GCC_OPTIMIZATION_LEVEL = 0;
				GCC_PREPROCESSOR_DEFINITIONS = (
					"DEBUG=1",
					"$(inherited)",
				);
				GCC_WARN_64_TO_32_BIT_CONVERSION = YES;
				GCC_WARN_ABOUT_RETURN_TYPE = YES_ERROR;
				GCC_WARN_UNDECLARED_SELECTOR = YES;
				GCC_WARN_UNINITIALIZED_AUTOS = YES_AGGRESSIVE;
				GCC_WARN_UNUSED_FUNCTION = YES;
				GCC_WARN_UNUSED_VARIABLE = YES;
				IPHONEOS_DEPLOYMENT_TARGET = 13.5;
				MTL_ENABLE_DEBUG_INFO = INCLUDE_SOURCE;
				MTL_FAST_MATH = YES;
				ONLY_ACTIVE_ARCH = YES;
				SDKROOT = iphoneos;
				SWIFT_ACTIVE_COMPILATION_CONDITIONS = DEBUG;
				SWIFT_OPTIMIZATION_LEVEL = "-Onone";
			};
			name = Debug;
		};
		8328D8E024D69617008F2CA4 /* Release */ = {
			isa = XCBuildConfiguration;
			buildSettings = {
				ALWAYS_SEARCH_USER_PATHS = NO;
				CLANG_ANALYZER_NONNULL = YES;
				CLANG_ANALYZER_NUMBER_OBJECT_CONVERSION = YES_AGGRESSIVE;
				CLANG_CXX_LANGUAGE_STANDARD = "gnu++14";
				CLANG_CXX_LIBRARY = "libc++";
				CLANG_ENABLE_MODULES = YES;
				CLANG_ENABLE_OBJC_ARC = YES;
				CLANG_ENABLE_OBJC_WEAK = YES;
				CLANG_WARN_BLOCK_CAPTURE_AUTORELEASING = YES;
				CLANG_WARN_BOOL_CONVERSION = YES;
				CLANG_WARN_COMMA = YES;
				CLANG_WARN_CONSTANT_CONVERSION = YES;
				CLANG_WARN_DEPRECATED_OBJC_IMPLEMENTATIONS = YES;
				CLANG_WARN_DIRECT_OBJC_ISA_USAGE = YES_ERROR;
				CLANG_WARN_DOCUMENTATION_COMMENTS = YES;
				CLANG_WARN_EMPTY_BODY = YES;
				CLANG_WARN_ENUM_CONVERSION = YES;
				CLANG_WARN_INFINITE_RECURSION = YES;
				CLANG_WARN_INT_CONVERSION = YES;
				CLANG_WARN_NON_LITERAL_NULL_CONVERSION = YES;
				CLANG_WARN_OBJC_IMPLICIT_RETAIN_SELF = YES;
				CLANG_WARN_OBJC_LITERAL_CONVERSION = YES;
				CLANG_WARN_OBJC_ROOT_CLASS = YES_ERROR;
				CLANG_WARN_RANGE_LOOP_ANALYSIS = YES;
				CLANG_WARN_STRICT_PROTOTYPES = YES;
				CLANG_WARN_SUSPICIOUS_MOVE = YES;
				CLANG_WARN_UNGUARDED_AVAILABILITY = YES_AGGRESSIVE;
				CLANG_WARN_UNREACHABLE_CODE = YES;
				CLANG_WARN__DUPLICATE_METHOD_MATCH = YES;
				COPY_PHASE_STRIP = NO;
				DEBUG_INFORMATION_FORMAT = "dwarf-with-dsym";
				ENABLE_NS_ASSERTIONS = NO;
				ENABLE_STRICT_OBJC_MSGSEND = YES;
				GCC_C_LANGUAGE_STANDARD = gnu11;
				GCC_NO_COMMON_BLOCKS = YES;
				GCC_WARN_64_TO_32_BIT_CONVERSION = YES;
				GCC_WARN_ABOUT_RETURN_TYPE = YES_ERROR;
				GCC_WARN_UNDECLARED_SELECTOR = YES;
				GCC_WARN_UNINITIALIZED_AUTOS = YES_AGGRESSIVE;
				GCC_WARN_UNUSED_FUNCTION = YES;
				GCC_WARN_UNUSED_VARIABLE = YES;
				IPHONEOS_DEPLOYMENT_TARGET = 13.5;
				MTL_ENABLE_DEBUG_INFO = NO;
				MTL_FAST_MATH = YES;
				SDKROOT = iphoneos;
				SWIFT_COMPILATION_MODE = wholemodule;
				SWIFT_OPTIMIZATION_LEVEL = "-O";
				VALIDATE_PRODUCT = YES;
			};
			name = Release;
		};
		8328D8E224D69617008F2CA4 /* Debug */ = {
			isa = XCBuildConfiguration;
			buildSettings = {
				ASSETCATALOG_COMPILER_APPICON_NAME = AppIcon;
				CODE_SIGN_STYLE = Automatic;
				DEVELOPMENT_TEAM = 3HLZ8P4U7A;
				INFOPLIST_FILE = TableView/Info.plist;
				LD_RUNPATH_SEARCH_PATHS = (
					"$(inherited)",
					"@executable_path/Frameworks",
				);
				PRODUCT_BUNDLE_IDENTIFIER = ATintern.Unit11.TableView;
				PRODUCT_NAME = "$(TARGET_NAME)";
				SWIFT_VERSION = 5.0;
				TARGETED_DEVICE_FAMILY = "1,2";
			};
			name = Debug;
		};
		8328D8E324D69617008F2CA4 /* Release */ = {
			isa = XCBuildConfiguration;
			buildSettings = {
				ASSETCATALOG_COMPILER_APPICON_NAME = AppIcon;
				CODE_SIGN_STYLE = Automatic;
				DEVELOPMENT_TEAM = 3HLZ8P4U7A;
				INFOPLIST_FILE = TableView/Info.plist;
				LD_RUNPATH_SEARCH_PATHS = (
					"$(inherited)",
					"@executable_path/Frameworks",
				);
				PRODUCT_BUNDLE_IDENTIFIER = ATintern.Unit11.TableView;
				PRODUCT_NAME = "$(TARGET_NAME)";
				SWIFT_VERSION = 5.0;
				TARGETED_DEVICE_FAMILY = "1,2";
			};
			name = Release;
		};
/* End XCBuildConfiguration section */

/* Begin XCConfigurationList section */
		8328D8C824D69616008F2CA4 /* Build configuration list for PBXProject "TableView" */ = {
			isa = XCConfigurationList;
			buildConfigurations = (
				8328D8DF24D69617008F2CA4 /* Debug */,
				8328D8E024D69617008F2CA4 /* Release */,
			);
			defaultConfigurationIsVisible = 0;
			defaultConfigurationName = Release;
		};
		8328D8E124D69617008F2CA4 /* Build configuration list for PBXNativeTarget "TableView" */ = {
			isa = XCConfigurationList;
			buildConfigurations = (
				8328D8E224D69617008F2CA4 /* Debug */,
				8328D8E324D69617008F2CA4 /* Release */,
			);
			defaultConfigurationIsVisible = 0;
			defaultConfigurationName = Release;
		};
/* End XCConfigurationList section */
	};
	rootObject = 8328D8C524D69616008F2CA4 /* Project object */;
}
