// !$*UTF8*$!
{
	archiveVersion = 1;
	classes = {
	};
	objectVersion = 50;
	objects = {

/* Begin PBXBuildFile section */
		52496D7324DA56BB00FACC1C /* FoodCollectionViewCell.swift in Sources */ = {isa = PBXBuildFile; fileRef = 52496D7124DA56BB00FACC1C /* FoodCollectionViewCell.swift */; };
		52496D7424DA56BB00FACC1C /* FoodCollectionViewCell.xib in Resources */ = {isa = PBXBuildFile; fileRef = 52496D7224DA56BB00FACC1C /* FoodCollectionViewCell.xib */; };
		52496D7C24DA5BC600FACC1C /* FoodHeaderView.swift in Sources */ = {isa = PBXBuildFile; fileRef = 52496D7A24DA5BC600FACC1C /* FoodHeaderView.swift */; };
		52496D7D24DA5BC600FACC1C /* FoodHeaderView.xib in Resources */ = {isa = PBXBuildFile; fileRef = 52496D7B24DA5BC600FACC1C /* FoodHeaderView.xib */; };
		528C5EB724DA69ED00A14B89 /* BaiTap4ViewController.swift in Sources */ = {isa = PBXBuildFile; fileRef = 528C5EB524DA69ED00A14B89 /* BaiTap4ViewController.swift */; };
		528C5EB824DA69ED00A14B89 /* BaiTap4ViewController.xib in Resources */ = {isa = PBXBuildFile; fileRef = 528C5EB624DA69ED00A14B89 /* BaiTap4ViewController.xib */; };
		528C5EBF24DA6C5100A14B89 /* CustomTableViewCell.swift in Sources */ = {isa = PBXBuildFile; fileRef = 528C5EBD24DA6C5100A14B89 /* CustomTableViewCell.swift */; };
		528C5EC024DA6C5100A14B89 /* CustomTableViewCell.xib in Resources */ = {isa = PBXBuildFile; fileRef = 528C5EBE24DA6C5100A14B89 /* CustomTableViewCell.xib */; };
		528C5ECF24DA966600A14B89 /* ImageCell.swift in Sources */ = {isa = PBXBuildFile; fileRef = 528C5ECD24DA966600A14B89 /* ImageCell.swift */; };
		528C5ED024DA966600A14B89 /* ImageCell.xib in Resources */ = {isa = PBXBuildFile; fileRef = 528C5ECE24DA966600A14B89 /* ImageCell.xib */; };
		528C5ED324DA986D00A14B89 /* SildeManagement.swift in Sources */ = {isa = PBXBuildFile; fileRef = 528C5ED224DA986D00A14B89 /* SildeManagement.swift */; };
		528C5ED524DA9BCB00A14B89 /* SlideView.swift in Sources */ = {isa = PBXBuildFile; fileRef = 528C5ED424DA9BCB00A14B89 /* SlideView.swift */; };
		528C5ED724DA9BE000A14B89 /* SlideView.xib in Resources */ = {isa = PBXBuildFile; fileRef = 528C5ED624DA9BE000A14B89 /* SlideView.xib */; };
		52BD167B24D7C2F5002B36D9 /* AppDelegate.swift in Sources */ = {isa = PBXBuildFile; fileRef = 52BD167A24D7C2F5002B36D9 /* AppDelegate.swift */; };
		52BD167D24D7C2F5002B36D9 /* SceneDelegate.swift in Sources */ = {isa = PBXBuildFile; fileRef = 52BD167C24D7C2F5002B36D9 /* SceneDelegate.swift */; };
		52BD168424D7C2FA002B36D9 /* Assets.xcassets in Resources */ = {isa = PBXBuildFile; fileRef = 52BD168324D7C2FA002B36D9 /* Assets.xcassets */; };
		52BD168724D7C2FA002B36D9 /* LaunchScreen.storyboard in Resources */ = {isa = PBXBuildFile; fileRef = 52BD168524D7C2FA002B36D9 /* LaunchScreen.storyboard */; };
		52BD169424D7C42F002B36D9 /* FoodData.swift in Sources */ = {isa = PBXBuildFile; fileRef = 52BD169324D7C42F002B36D9 /* FoodData.swift */; };
		52BD16A824D91035002B36D9 /* BaiTap1ViewController.swift in Sources */ = {isa = PBXBuildFile; fileRef = 52BD16A624D91035002B36D9 /* BaiTap1ViewController.swift */; };
		52BD16A924D91035002B36D9 /* BaiTap1ViewController.xib in Resources */ = {isa = PBXBuildFile; fileRef = 52BD16A724D91035002B36D9 /* BaiTap1ViewController.xib */; };
		52BD16AE24D91C08002B36D9 /* BaiTap2ViewController.swift in Sources */ = {isa = PBXBuildFile; fileRef = 52BD16AC24D91C08002B36D9 /* BaiTap2ViewController.swift */; };
		52BD16AF24D91C08002B36D9 /* BaiTap2ViewController.xib in Resources */ = {isa = PBXBuildFile; fileRef = 52BD16AD24D91C08002B36D9 /* BaiTap2ViewController.xib */; };
		52BD16B324D946D6002B36D9 /* BaiTap3ViewController.swift in Sources */ = {isa = PBXBuildFile; fileRef = 52BD16B124D946D6002B36D9 /* BaiTap3ViewController.swift */; };
		52BD16B424D946D6002B36D9 /* BaiTap3ViewController.xib in Resources */ = {isa = PBXBuildFile; fileRef = 52BD16B224D946D6002B36D9 /* BaiTap3ViewController.xib */; };
		52BD16BA24D95CAC002B36D9 /* SquareCollectionViewLayout.swift in Sources */ = {isa = PBXBuildFile; fileRef = 52BD16B924D95CAC002B36D9 /* SquareCollectionViewLayout.swift */; };
/* End PBXBuildFile section */

/* Begin PBXFileReference section */
		52496D7124DA56BB00FACC1C /* FoodCollectionViewCell.swift */ = {isa = PBXFileReference; lastKnownFileType = sourcecode.swift; path = FoodCollectionViewCell.swift; sourceTree = "<group>"; };
		52496D7224DA56BB00FACC1C /* FoodCollectionViewCell.xib */ = {isa = PBXFileReference; lastKnownFileType = file.xib; path = FoodCollectionViewCell.xib; sourceTree = "<group>"; };
		52496D7A24DA5BC600FACC1C /* FoodHeaderView.swift */ = {isa = PBXFileReference; lastKnownFileType = sourcecode.swift; path = FoodHeaderView.swift; sourceTree = "<group>"; };
		52496D7B24DA5BC600FACC1C /* FoodHeaderView.xib */ = {isa = PBXFileReference; lastKnownFileType = file.xib; path = FoodHeaderView.xib; sourceTree = "<group>"; };
		528C5EB524DA69ED00A14B89 /* BaiTap4ViewController.swift */ = {isa = PBXFileReference; lastKnownFileType = sourcecode.swift; path = BaiTap4ViewController.swift; sourceTree = "<group>"; };
		528C5EB624DA69ED00A14B89 /* BaiTap4ViewController.xib */ = {isa = PBXFileReference; lastKnownFileType = file.xib; path = BaiTap4ViewController.xib; sourceTree = "<group>"; };
		528C5EBD24DA6C5100A14B89 /* CustomTableViewCell.swift */ = {isa = PBXFileReference; lastKnownFileType = sourcecode.swift; path = CustomTableViewCell.swift; sourceTree = "<group>"; };
		528C5EBE24DA6C5100A14B89 /* CustomTableViewCell.xib */ = {isa = PBXFileReference; lastKnownFileType = file.xib; path = CustomTableViewCell.xib; sourceTree = "<group>"; };
		528C5ECD24DA966600A14B89 /* ImageCell.swift */ = {isa = PBXFileReference; lastKnownFileType = sourcecode.swift; path = ImageCell.swift; sourceTree = "<group>"; };
		528C5ECE24DA966600A14B89 /* ImageCell.xib */ = {isa = PBXFileReference; lastKnownFileType = file.xib; path = ImageCell.xib; sourceTree = "<group>"; };
		528C5ED224DA986D00A14B89 /* SildeManagement.swift */ = {isa = PBXFileReference; lastKnownFileType = sourcecode.swift; path = SildeManagement.swift; sourceTree = "<group>"; };
		528C5ED424DA9BCB00A14B89 /* SlideView.swift */ = {isa = PBXFileReference; lastKnownFileType = sourcecode.swift; path = SlideView.swift; sourceTree = "<group>"; };
		528C5ED624DA9BE000A14B89 /* SlideView.xib */ = {isa = PBXFileReference; lastKnownFileType = file.xib; path = SlideView.xib; sourceTree = "<group>"; };
		52BD167724D7C2F5002B36D9 /* BaiTapCollectionView.app */ = {isa = PBXFileReference; explicitFileType = wrapper.application; includeInIndex = 0; path = BaiTapCollectionView.app; sourceTree = BUILT_PRODUCTS_DIR; };
		52BD167A24D7C2F5002B36D9 /* AppDelegate.swift */ = {isa = PBXFileReference; lastKnownFileType = sourcecode.swift; path = AppDelegate.swift; sourceTree = "<group>"; };
		52BD167C24D7C2F5002B36D9 /* SceneDelegate.swift */ = {isa = PBXFileReference; lastKnownFileType = sourcecode.swift; path = SceneDelegate.swift; sourceTree = "<group>"; };
		52BD168324D7C2FA002B36D9 /* Assets.xcassets */ = {isa = PBXFileReference; lastKnownFileType = folder.assetcatalog; path = Assets.xcassets; sourceTree = "<group>"; };
		52BD168624D7C2FA002B36D9 /* Base */ = {isa = PBXFileReference; lastKnownFileType = file.storyboard; name = Base; path = Base.lproj/LaunchScreen.storyboard; sourceTree = "<group>"; };
		52BD168824D7C2FA002B36D9 /* Info.plist */ = {isa = PBXFileReference; lastKnownFileType = text.plist.xml; path = Info.plist; sourceTree = "<group>"; };
		52BD169324D7C42F002B36D9 /* FoodData.swift */ = {isa = PBXFileReference; lastKnownFileType = sourcecode.swift; path = FoodData.swift; sourceTree = "<group>"; };
		52BD16A624D91035002B36D9 /* BaiTap1ViewController.swift */ = {isa = PBXFileReference; lastKnownFileType = sourcecode.swift; path = BaiTap1ViewController.swift; sourceTree = "<group>"; };
		52BD16A724D91035002B36D9 /* BaiTap1ViewController.xib */ = {isa = PBXFileReference; lastKnownFileType = file.xib; path = BaiTap1ViewController.xib; sourceTree = "<group>"; };
		52BD16AC24D91C08002B36D9 /* BaiTap2ViewController.swift */ = {isa = PBXFileReference; lastKnownFileType = sourcecode.swift; path = BaiTap2ViewController.swift; sourceTree = "<group>"; };
		52BD16AD24D91C08002B36D9 /* BaiTap2ViewController.xib */ = {isa = PBXFileReference; lastKnownFileType = file.xib; path = BaiTap2ViewController.xib; sourceTree = "<group>"; };
		52BD16B124D946D6002B36D9 /* BaiTap3ViewController.swift */ = {isa = PBXFileReference; lastKnownFileType = sourcecode.swift; path = BaiTap3ViewController.swift; sourceTree = "<group>"; };
		52BD16B224D946D6002B36D9 /* BaiTap3ViewController.xib */ = {isa = PBXFileReference; lastKnownFileType = file.xib; path = BaiTap3ViewController.xib; sourceTree = "<group>"; };
		52BD16B924D95CAC002B36D9 /* SquareCollectionViewLayout.swift */ = {isa = PBXFileReference; lastKnownFileType = sourcecode.swift; path = SquareCollectionViewLayout.swift; sourceTree = "<group>"; };
/* End PBXFileReference section */

/* Begin PBXFrameworksBuildPhase section */
		52BD167424D7C2F5002B36D9 /* Frameworks */ = {
			isa = PBXFrameworksBuildPhase;
			buildActionMask = 2147483647;
			files = (
			);
			runOnlyForDeploymentPostprocessing = 0;
		};
/* End PBXFrameworksBuildPhase section */

/* Begin PBXGroup section */
		52496D7624DA5B4E00FACC1C /* Cell */ = {
			isa = PBXGroup;
			children = (
				52496D7124DA56BB00FACC1C /* FoodCollectionViewCell.swift */,
				52496D7224DA56BB00FACC1C /* FoodCollectionViewCell.xib */,
			);
			path = Cell;
			sourceTree = "<group>";
		};
		52496D7724DA5B5F00FACC1C /* Model */ = {
			isa = PBXGroup;
			children = (
				52BD169324D7C42F002B36D9 /* FoodData.swift */,
			);
			path = Model;
			sourceTree = "<group>";
		};
		52496D7824DA5B7300FACC1C /* HeaderFooter */ = {
			isa = PBXGroup;
			children = (
				52496D7A24DA5BC600FACC1C /* FoodHeaderView.swift */,
				52496D7B24DA5BC600FACC1C /* FoodHeaderView.xib */,
			);
			path = HeaderFooter;
			sourceTree = "<group>";
		};
		528C5EB424DA68EF00A14B89 /* BaiTap4 */ = {
			isa = PBXGroup;
			children = (
				528C5ED124DA985300A14B89 /* Model */,
				528C5EBA24DA6BF000A14B89 /* UpperView */,
				528C5EB924DA6BDF00A14B89 /* TableViewCell */,
				528C5EB524DA69ED00A14B89 /* BaiTap4ViewController.swift */,
				528C5EB624DA69ED00A14B89 /* BaiTap4ViewController.xib */,
			);
			path = BaiTap4;
			sourceTree = "<group>";
		};
		528C5EB924DA6BDF00A14B89 /* TableViewCell */ = {
			isa = PBXGroup;
			children = (
				528C5EBD24DA6C5100A14B89 /* CustomTableViewCell.swift */,
				528C5EBE24DA6C5100A14B89 /* CustomTableViewCell.xib */,
			);
			path = TableViewCell;
			sourceTree = "<group>";
		};
		528C5EBA24DA6BF000A14B89 /* UpperView */ = {
			isa = PBXGroup;
			children = (
				528C5ECD24DA966600A14B89 /* ImageCell.swift */,
				528C5ECE24DA966600A14B89 /* ImageCell.xib */,
				528C5ED424DA9BCB00A14B89 /* SlideView.swift */,
				528C5ED624DA9BE000A14B89 /* SlideView.xib */,
			);
			path = UpperView;
			sourceTree = "<group>";
		};
		528C5ED124DA985300A14B89 /* Model */ = {
			isa = PBXGroup;
			children = (
				528C5ED224DA986D00A14B89 /* SildeManagement.swift */,
			);
			path = Model;
			sourceTree = "<group>";
		};
		52BD166E24D7C2F5002B36D9 = {
			isa = PBXGroup;
			children = (
				52BD167924D7C2F5002B36D9 /* BaiTapCollectionView */,
				52BD167824D7C2F5002B36D9 /* Products */,
			);
			sourceTree = "<group>";
		};
		52BD167824D7C2F5002B36D9 /* Products */ = {
			isa = PBXGroup;
			children = (
				52BD167724D7C2F5002B36D9 /* BaiTapCollectionView.app */,
			);
			name = Products;
			sourceTree = "<group>";
		};
		52BD167924D7C2F5002B36D9 /* BaiTapCollectionView */ = {
			isa = PBXGroup;
			children = (
				528C5EB424DA68EF00A14B89 /* BaiTap4 */,
				52BD16B024D946BC002B36D9 /* BaiTap3 */,
				52BD16AA24D91BED002B36D9 /* BaiTap2 */,
				52BD16A524D9101E002B36D9 /* BaiTap1 */,
				52BD167A24D7C2F5002B36D9 /* AppDelegate.swift */,
				52BD167C24D7C2F5002B36D9 /* SceneDelegate.swift */,
				52BD168324D7C2FA002B36D9 /* Assets.xcassets */,
				52BD168524D7C2FA002B36D9 /* LaunchScreen.storyboard */,
				52BD168824D7C2FA002B36D9 /* Info.plist */,
			);
			path = BaiTapCollectionView;
			sourceTree = "<group>";
		};
		52BD16A524D9101E002B36D9 /* BaiTap1 */ = {
			isa = PBXGroup;
			children = (
				52BD16A624D91035002B36D9 /* BaiTap1ViewController.swift */,
				52BD16A724D91035002B36D9 /* BaiTap1ViewController.xib */,
			);
			path = BaiTap1;
			sourceTree = "<group>";
		};
		52BD16AA24D91BED002B36D9 /* BaiTap2 */ = {
			isa = PBXGroup;
			children = (
				52BD16AC24D91C08002B36D9 /* BaiTap2ViewController.swift */,
				52BD16AD24D91C08002B36D9 /* BaiTap2ViewController.xib */,
				52BD16B924D95CAC002B36D9 /* SquareCollectionViewLayout.swift */,
			);
			path = BaiTap2;
			sourceTree = "<group>";
		};
		52BD16B024D946BC002B36D9 /* BaiTap3 */ = {
			isa = PBXGroup;
			children = (
				52496D7824DA5B7300FACC1C /* HeaderFooter */,
				52496D7724DA5B5F00FACC1C /* Model */,
				52496D7624DA5B4E00FACC1C /* Cell */,
				52BD16B124D946D6002B36D9 /* BaiTap3ViewController.swift */,
				52BD16B224D946D6002B36D9 /* BaiTap3ViewController.xib */,
			);
			path = BaiTap3;
			sourceTree = "<group>";
		};
/* End PBXGroup section */

/* Begin PBXNativeTarget section */
		52BD167624D7C2F5002B36D9 /* BaiTapCollectionView */ = {
			isa = PBXNativeTarget;
			buildConfigurationList = 52BD168B24D7C2FA002B36D9 /* Build configuration list for PBXNativeTarget "BaiTapCollectionView" */;
			buildPhases = (
				52BD167324D7C2F5002B36D9 /* Sources */,
				52BD167424D7C2F5002B36D9 /* Frameworks */,
				52BD167524D7C2F5002B36D9 /* Resources */,
			);
			buildRules = (
			);
			dependencies = (
			);
			name = BaiTapCollectionView;
			productName = BaiTapCollectionView;
			productReference = 52BD167724D7C2F5002B36D9 /* BaiTapCollectionView.app */;
			productType = "com.apple.product-type.application";
		};
/* End PBXNativeTarget section */

/* Begin PBXProject section */
		52BD166F24D7C2F5002B36D9 /* Project object */ = {
			isa = PBXProject;
			attributes = {
				LastSwiftUpdateCheck = 1160;
				LastUpgradeCheck = 1160;
				ORGANIZATIONNAME = Galaxy;
				TargetAttributes = {
					52BD167624D7C2F5002B36D9 = {
						CreatedOnToolsVersion = 11.6;
					};
				};
			};
			buildConfigurationList = 52BD167224D7C2F5002B36D9 /* Build configuration list for PBXProject "BaiTapCollectionView" */;
			compatibilityVersion = "Xcode 9.3";
			developmentRegion = en;
			hasScannedForEncodings = 0;
			knownRegions = (
				en,
				Base,
			);
			mainGroup = 52BD166E24D7C2F5002B36D9;
			productRefGroup = 52BD167824D7C2F5002B36D9 /* Products */;
			projectDirPath = "";
			projectRoot = "";
			targets = (
				52BD167624D7C2F5002B36D9 /* BaiTapCollectionView */,
			);
		};
/* End PBXProject section */

/* Begin PBXResourcesBuildPhase section */
		52BD167524D7C2F5002B36D9 /* Resources */ = {
			isa = PBXResourcesBuildPhase;
			buildActionMask = 2147483647;
			files = (
				52BD16B424D946D6002B36D9 /* BaiTap3ViewController.xib in Resources */,
				52BD168724D7C2FA002B36D9 /* LaunchScreen.storyboard in Resources */,
				52496D7D24DA5BC600FACC1C /* FoodHeaderView.xib in Resources */,
				52496D7424DA56BB00FACC1C /* FoodCollectionViewCell.xib in Resources */,
				52BD168424D7C2FA002B36D9 /* Assets.xcassets in Resources */,
				528C5ED724DA9BE000A14B89 /* SlideView.xib in Resources */,
				528C5ED024DA966600A14B89 /* ImageCell.xib in Resources */,
				528C5EC024DA6C5100A14B89 /* CustomTableViewCell.xib in Resources */,
				52BD16A924D91035002B36D9 /* BaiTap1ViewController.xib in Resources */,
				528C5EB824DA69ED00A14B89 /* BaiTap4ViewController.xib in Resources */,
				52BD16AF24D91C08002B36D9 /* BaiTap2ViewController.xib in Resources */,
			);
			runOnlyForDeploymentPostprocessing = 0;
		};
/* End PBXResourcesBuildPhase section */

/* Begin PBXSourcesBuildPhase section */
		52BD167324D7C2F5002B36D9 /* Sources */ = {
			isa = PBXSourcesBuildPhase;
			buildActionMask = 2147483647;
			files = (
				52BD167B24D7C2F5002B36D9 /* AppDelegate.swift in Sources */,
				52BD16BA24D95CAC002B36D9 /* SquareCollectionViewLayout.swift in Sources */,
				528C5ED324DA986D00A14B89 /* SildeManagement.swift in Sources */,
				528C5EBF24DA6C5100A14B89 /* CustomTableViewCell.swift in Sources */,
				52BD16AE24D91C08002B36D9 /* BaiTap2ViewController.swift in Sources */,
				52BD167D24D7C2F5002B36D9 /* SceneDelegate.swift in Sources */,
				528C5EB724DA69ED00A14B89 /* BaiTap4ViewController.swift in Sources */,
				52BD16B324D946D6002B36D9 /* BaiTap3ViewController.swift in Sources */,
				528C5ED524DA9BCB00A14B89 /* SlideView.swift in Sources */,
				52BD169424D7C42F002B36D9 /* FoodData.swift in Sources */,
				52496D7324DA56BB00FACC1C /* FoodCollectionViewCell.swift in Sources */,
				52496D7C24DA5BC600FACC1C /* FoodHeaderView.swift in Sources */,
				52BD16A824D91035002B36D9 /* BaiTap1ViewController.swift in Sources */,
				528C5ECF24DA966600A14B89 /* ImageCell.swift in Sources */,
			);
			runOnlyForDeploymentPostprocessing = 0;
		};
/* End PBXSourcesBuildPhase section */

/* Begin PBXVariantGroup section */
		52BD168524D7C2FA002B36D9 /* LaunchScreen.storyboard */ = {
			isa = PBXVariantGroup;
			children = (
				52BD168624D7C2FA002B36D9 /* Base */,
			);
			name = LaunchScreen.storyboard;
			sourceTree = "<group>";
		};
/* End PBXVariantGroup section */

/* Begin XCBuildConfiguration section */
		52BD168924D7C2FA002B36D9 /* Debug */ = {
			isa = XCBuildConfiguration;
			buildSettings = {
				ALWAYS_SEARCH_USER_PATHS = NO;
				CLANG_ANALYZER_NONNULL = YES;
				CLANG_ANALYZER_NUMBER_OBJECT_CONVERSION = YES_AGGRESSIVE;
				CLANG_CXX_LANGUAGE_STANDARD = "gnu++14";
				CLANG_CXX_LIBRARY = "libc++";
				CLANG_ENABLE_MODULES = YES;
				CLANG_ENABLE_OBJC_ARC = YES;
				CLANG_ENABLE_OBJC_WEAK = YES;
				CLANG_WARN_BLOCK_CAPTURE_AUTORELEASING = YES;
				CLANG_WARN_BOOL_CONVERSION = YES;
				CLANG_WARN_COMMA = YES;
				CLANG_WARN_CONSTANT_CONVERSION = YES;
				CLANG_WARN_DEPRECATED_OBJC_IMPLEMENTATIONS = YES;
				CLANG_WARN_DIRECT_OBJC_ISA_USAGE = YES_ERROR;
				CLANG_WARN_DOCUMENTATION_COMMENTS = YES;
				CLANG_WARN_EMPTY_BODY = YES;
				CLANG_WARN_ENUM_CONVERSION = YES;
				CLANG_WARN_INFINITE_RECURSION = YES;
				CLANG_WARN_INT_CONVERSION = YES;
				CLANG_WARN_NON_LITERAL_NULL_CONVERSION = YES;
				CLANG_WARN_OBJC_IMPLICIT_RETAIN_SELF = YES;
				CLANG_WARN_OBJC_LITERAL_CONVERSION = YES;
				CLANG_WARN_OBJC_ROOT_CLASS = YES_ERROR;
				CLANG_WARN_RANGE_LOOP_ANALYSIS = YES;
				CLANG_WARN_STRICT_PROTOTYPES = YES;
				CLANG_WARN_SUSPICIOUS_MOVE = YES;
				CLANG_WARN_UNGUARDED_AVAILABILITY = YES_AGGRESSIVE;
				CLANG_WARN_UNREACHABLE_CODE = YES;
				CLANG_WARN__DUPLICATE_METHOD_MATCH = YES;
				COPY_PHASE_STRIP = NO;
				DEBUG_INFORMATION_FORMAT = dwarf;
				ENABLE_STRICT_OBJC_MSGSEND = YES;
				ENABLE_TESTABILITY = YES;
				GCC_C_LANGUAGE_STANDARD = gnu11;
				GCC_DYNAMIC_NO_PIC = NO;
				GCC_NO_COMMON_BLOCKS = YES;
				GCC_OPTIMIZATION_LEVEL = 0;
				GCC_PREPROCESSOR_DEFINITIONS = (
					"DEBUG=1",
					"$(inherited)",
				);
				GCC_WARN_64_TO_32_BIT_CONVERSION = YES;
				GCC_WARN_ABOUT_RETURN_TYPE = YES_ERROR;
				GCC_WARN_UNDECLARED_SELECTOR = YES;
				GCC_WARN_UNINITIALIZED_AUTOS = YES_AGGRESSIVE;
				GCC_WARN_UNUSED_FUNCTION = YES;
				GCC_WARN_UNUSED_VARIABLE = YES;
				IPHONEOS_DEPLOYMENT_TARGET = 13.6;
				MTL_ENABLE_DEBUG_INFO = INCLUDE_SOURCE;
				MTL_FAST_MATH = YES;
				ONLY_ACTIVE_ARCH = YES;
				SDKROOT = iphoneos;
				SWIFT_ACTIVE_COMPILATION_CONDITIONS = DEBUG;
				SWIFT_OPTIMIZATION_LEVEL = "-Onone";
			};
			name = Debug;
		};
		52BD168A24D7C2FA002B36D9 /* Release */ = {
			isa = XCBuildConfiguration;
			buildSettings = {
				ALWAYS_SEARCH_USER_PATHS = NO;
				CLANG_ANALYZER_NONNULL = YES;
				CLANG_ANALYZER_NUMBER_OBJECT_CONVERSION = YES_AGGRESSIVE;
				CLANG_CXX_LANGUAGE_STANDARD = "gnu++14";
				CLANG_CXX_LIBRARY = "libc++";
				CLANG_ENABLE_MODULES = YES;
				CLANG_ENABLE_OBJC_ARC = YES;
				CLANG_ENABLE_OBJC_WEAK = YES;
				CLANG_WARN_BLOCK_CAPTURE_AUTORELEASING = YES;
				CLANG_WARN_BOOL_CONVERSION = YES;
				CLANG_WARN_COMMA = YES;
				CLANG_WARN_CONSTANT_CONVERSION = YES;
				CLANG_WARN_DEPRECATED_OBJC_IMPLEMENTATIONS = YES;
				CLANG_WARN_DIRECT_OBJC_ISA_USAGE = YES_ERROR;
				CLANG_WARN_DOCUMENTATION_COMMENTS = YES;
				CLANG_WARN_EMPTY_BODY = YES;
				CLANG_WARN_ENUM_CONVERSION = YES;
				CLANG_WARN_INFINITE_RECURSION = YES;
				CLANG_WARN_INT_CONVERSION = YES;
				CLANG_WARN_NON_LITERAL_NULL_CONVERSION = YES;
				CLANG_WARN_OBJC_IMPLICIT_RETAIN_SELF = YES;
				CLANG_WARN_OBJC_LITERAL_CONVERSION = YES;
				CLANG_WARN_OBJC_ROOT_CLASS = YES_ERROR;
				CLANG_WARN_RANGE_LOOP_ANALYSIS = YES;
				CLANG_WARN_STRICT_PROTOTYPES = YES;
				CLANG_WARN_SUSPICIOUS_MOVE = YES;
				CLANG_WARN_UNGUARDED_AVAILABILITY = YES_AGGRESSIVE;
				CLANG_WARN_UNREACHABLE_CODE = YES;
				CLANG_WARN__DUPLICATE_METHOD_MATCH = YES;
				COPY_PHASE_STRIP = NO;
				DEBUG_INFORMATION_FORMAT = "dwarf-with-dsym";
				ENABLE_NS_ASSERTIONS = NO;
				ENABLE_STRICT_OBJC_MSGSEND = YES;
				GCC_C_LANGUAGE_STANDARD = gnu11;
				GCC_NO_COMMON_BLOCKS = YES;
				GCC_WARN_64_TO_32_BIT_CONVERSION = YES;
				GCC_WARN_ABOUT_RETURN_TYPE = YES_ERROR;
				GCC_WARN_UNDECLARED_SELECTOR = YES;
				GCC_WARN_UNINITIALIZED_AUTOS = YES_AGGRESSIVE;
				GCC_WARN_UNUSED_FUNCTION = YES;
				GCC_WARN_UNUSED_VARIABLE = YES;
				IPHONEOS_DEPLOYMENT_TARGET = 13.6;
				MTL_ENABLE_DEBUG_INFO = NO;
				MTL_FAST_MATH = YES;
				SDKROOT = iphoneos;
				SWIFT_COMPILATION_MODE = wholemodule;
				SWIFT_OPTIMIZATION_LEVEL = "-O";
				VALIDATE_PRODUCT = YES;
			};
			name = Release;
		};
		52BD168C24D7C2FA002B36D9 /* Debug */ = {
			isa = XCBuildConfiguration;
			buildSettings = {
				ASSETCATALOG_COMPILER_APPICON_NAME = AppIcon;
				CODE_SIGN_STYLE = Automatic;
				DEVELOPMENT_TEAM = SUB6RGC6PM;
				INFOPLIST_FILE = BaiTapCollectionView/Info.plist;
				IPHONEOS_DEPLOYMENT_TARGET = 13.4;
				LD_RUNPATH_SEARCH_PATHS = (
					"$(inherited)",
					"@executable_path/Frameworks",
				);
				PRODUCT_BUNDLE_IDENTIFIER = com.galaxy.BaiTapCollectionView;
				PRODUCT_NAME = "$(TARGET_NAME)";
				SWIFT_VERSION = 5.0;
				TARGETED_DEVICE_FAMILY = "1,2";
			};
			name = Debug;
		};
		52BD168D24D7C2FA002B36D9 /* Release */ = {
			isa = XCBuildConfiguration;
			buildSettings = {
				ASSETCATALOG_COMPILER_APPICON_NAME = AppIcon;
				CODE_SIGN_STYLE = Automatic;
				DEVELOPMENT_TEAM = SUB6RGC6PM;
				INFOPLIST_FILE = BaiTapCollectionView/Info.plist;
				IPHONEOS_DEPLOYMENT_TARGET = 13.4;
				LD_RUNPATH_SEARCH_PATHS = (
					"$(inherited)",
					"@executable_path/Frameworks",
				);
				PRODUCT_BUNDLE_IDENTIFIER = com.galaxy.BaiTapCollectionView;
				PRODUCT_NAME = "$(TARGET_NAME)";
				SWIFT_VERSION = 5.0;
				TARGETED_DEVICE_FAMILY = "1,2";
			};
			name = Release;
		};
/* End XCBuildConfiguration section */

/* Begin XCConfigurationList section */
		52BD167224D7C2F5002B36D9 /* Build configuration list for PBXProject "BaiTapCollectionView" */ = {
			isa = XCConfigurationList;
			buildConfigurations = (
				52BD168924D7C2FA002B36D9 /* Debug */,
				52BD168A24D7C2FA002B36D9 /* Release */,
			);
			defaultConfigurationIsVisible = 0;
			defaultConfigurationName = Release;
		};
		52BD168B24D7C2FA002B36D9 /* Build configuration list for PBXNativeTarget "BaiTapCollectionView" */ = {
			isa = XCConfigurationList;
			buildConfigurations = (
				52BD168C24D7C2FA002B36D9 /* Debug */,
				52BD168D24D7C2FA002B36D9 /* Release */,
			);
			defaultConfigurationIsVisible = 0;
			defaultConfigurationName = Release;
		};
/* End XCConfigurationList section */
	};
	rootObject = 52BD166F24D7C2F5002B36D9 /* Project object */;
}
